PODS:
  - AVOSCloud (6.1.0)
  - FMDB (2.7.2):
    - FMDB/standard (= 2.7.2)
  - FMDB/standard (2.7.2)
  - JCore (1.1.5)
  - JPush (3.0.6):
    - JCore (~> 1.1.1)
  - MBProgressHUD (1.0.0)
  - MJRefresh (3.1.12)
  - SDWebImage (4.0.0):
    - SDWebImage/Core (= 4.0.0)
  - SDWebImage/Core (4.0.0)
  - TYKYLibrary (1.2.9):
    - TYKYLibrary/AutoLocation (= 1.2.9)
    - TYKYLibrary/AutoLoop (= 1.2.9)
    - TYKYLibrary/AutoRunLabel (= 1.2.9)
    - TYKYLibrary/CustomAlbum (= 1.2.9)
    - TYKYLibrary/CustomCamera (= 1.2.9)
    - TYKYLibrary/CustomLibrary (= 1.2.9)
    - TYKYLibrary/Download (= 1.2.9)
    - TYKYLibrary/LeftMenu (= 1.2.9)
    - TYKYLibrary/ONEPhoto (= 1.2.9)
    - TYKYLibrary/PageViewController (= 1.2.9)
    - TYKYLibrary/Request (= 1.2.9)
    - TYKYLibrary/ShowPictures (= 1.2.9)
    - TYKYLibrary/TableViewDelegate (= 1.2.9)
    - TYKYLibrary/TouchIDAuthorize (= 1.2.9)
    - TYKYLibrary/TYKYCategory (= 1.2.9)
    - TYKYLibrary/VersionAutoUpdate (= 1.2.9)
  - TYKYLibrary/AutoLocation (1.2.9)
  - TYKYLibrary/AutoLoop (1.2.9)
  - TYKYLibrary/AutoRunLabel (1.2.9)
  - TYKYLibrary/CustomAlbum (1.2.9)
  - TYKYLibrary/CustomCamera (1.2.9):
    - TYKYLibrary/CustomAlbum
  - TYKYLibrary/CustomLibrary (1.2.9)
  - TYKYLibrary/Download (1.2.9)
  - TYKYLibrary/LeftMenu (1.2.9)
  - TYKYLibrary/ONEPhoto (1.2.9):
    - TYKYLibrary/CustomAlbum
  - TYKYLibrary/PageViewController (1.2.9)
  - TYKYLibrary/Request (1.2.9)
  - TYKYLibrary/ShowPictures (1.2.9):
    - TYKYLibrary/Download
  - TYKYLibrary/TableViewDelegate (1.2.9)
  - TYKYLibrary/TouchIDAuthorize (1.2.9)
  - TYKYLibrary/TYKYCategory (1.2.9)
  - TYKYLibrary/VersionAutoUpdate (1.2.9):
    - TYKYLibrary/Request
  - UMengAnalytics-NO-IDFA (4.2.5)
  - UMengUShare/Core (6.4.5):
    - UMengUShare/Network
  - UMengUShare/Network (6.4.5)
  - UMengUShare/Social/ReducedWeChat (6.4.5):
    - UMengUShare/Core

DEPENDENCIES:
  - AVOSCloud
  - FMDB
  - JPush
  - MBProgressHUD
  - MJRefresh
  - SDWebImage
  - TYKYLibrary (~> 1.2.9)
  - UMengAnalytics-NO-IDFA
  - UMengUShare/Social/ReducedWeChat

SPEC CHECKSUMS:
  AVOSCloud: b8688d3a62f614062a0b26b6a1485f7eaf008619
  FMDB: 6198a90e7b6900cfc046e6bc0ef6ebb7be9236aa
  JCore: 9bd9c770c877c583d98b90a68792b8361974c231
  JPush: c41be50eb1a574a66aeb68d237f00a4ec6ec3a82
  MBProgressHUD: 4890f671c94e8a0f3cf959aa731e9de2f036d71a
  MJRefresh: b96cdb21c4aa75a7b07654311ab2f315c497e806
  SDWebImage: 76a6348bdc74eb5a55dd08a091ef298e56b55e41
  TYKYLibrary: 0648a863b3029eab3cef4015e538b4679986fc5c
  UMengAnalytics-NO-IDFA: 16666e32edce5be44ae5b14aaaa7f3582e09d6ab
  UMengUShare: a5711c54e640b04e3048e931d2b88d50f9cfa55c

PODFILE CHECKSUM: e48eba3934a9b4f2dd5446a82159a4f20d610813

COCOAPODS: 1.2.0
