// !$*UTF8*$!
{
	archiveVersion = 1;
	classes = {
	};
	objectVersion = 46;
	objects = {

/* Begin PBXBuildFile section */
		0B15DE7E1ED2C8BE003A54E3 /* AFNetworkReachabilityManager.m in Sources */ = {isa = PBXBuildFile; fileRef = 0B15DE7D1ED2C8BE003A54E3 /* AFNetworkReachabilityManager.m */; };
		0B1904A11EE6546E004C46EE /* AJSecondHouseViewController.m in Sources */ = {isa = PBXBuildFile; fileRef = 0B19049F1EE6546E004C46EE /* AJSecondHouseViewController.m */; };
		0B1904A21EE6546E004C46EE /* AJSecondHouseViewController.xib in Resources */ = {isa = PBXBuildFile; fileRef = 0B1904A01EE6546E004C46EE /* AJSecondHouseViewController.xib */; };
		0B1904A81EE65EC1004C46EE /* AJSecondHouseCellModel.m in Sources */ = {isa = PBXBuildFile; fileRef = 0B1904A41EE65EC1004C46EE /* AJSecondHouseCellModel.m */; };
		0B1904A91EE65EC1004C46EE /* AJSecondHouseTableViewCell.m in Sources */ = {isa = PBXBuildFile; fileRef = 0B1904A61EE65EC1004C46EE /* AJSecondHouseTableViewCell.m */; };
		0B1904AA1EE65EC1004C46EE /* AJSecondHouseTableViewCell.xib in Resources */ = {isa = PBXBuildFile; fileRef = 0B1904A71EE65EC1004C46EE /* AJSecondHouseTableViewCell.xib */; };
		0B1904C21EE66192004C46EE /* AJAddSecondHouserViewController.m in Sources */ = {isa = PBXBuildFile; fileRef = 0B1904AD1EE66192004C46EE /* AJAddSecondHouserViewController.m */; };
		0B1904C31EE66192004C46EE /* AJAddSecondHouserViewController.xib in Resources */ = {isa = PBXBuildFile; fileRef = 0B1904AE1EE66192004C46EE /* AJAddSecondHouserViewController.xib */; };
		0B1904C41EE66192004C46EE /* AJAllHouseListViewController.m in Sources */ = {isa = PBXBuildFile; fileRef = 0B1904B01EE66192004C46EE /* AJAllHouseListViewController.m */; };
		0B1904C51EE66192004C46EE /* AJAllHouseListViewController.xib in Resources */ = {isa = PBXBuildFile; fileRef = 0B1904B11EE66192004C46EE /* AJAllHouseListViewController.xib */; };
		0B1904C61EE66192004C46EE /* AJNewHouseModel.m in Sources */ = {isa = PBXBuildFile; fileRef = 0B1904B31EE66192004C46EE /* AJNewHouseModel.m */; };
		0B1904C71EE66192004C46EE /* AJNewHouseTableViewCell.m in Sources */ = {isa = PBXBuildFile; fileRef = 0B1904B51EE66192004C46EE /* AJNewHouseTableViewCell.m */; };
		0B1904C81EE66192004C46EE /* AJNewHouseTableViewCell.xib in Resources */ = {isa = PBXBuildFile; fileRef = 0B1904B61EE66192004C46EE /* AJNewHouseTableViewCell.xib */; };
		0B1904C91EE66192004C46EE /* AJHouseDesViewController.m in Sources */ = {isa = PBXBuildFile; fileRef = 0B1904B91EE66192004C46EE /* AJHouseDesViewController.m */; };
		0B1904CA1EE66192004C46EE /* AJHouseDesViewController.xib in Resources */ = {isa = PBXBuildFile; fileRef = 0B1904BA1EE66192004C46EE /* AJHouseDesViewController.xib */; };
		0B1904CB1EE66192004C46EE /* AJUploadPicModel.m in Sources */ = {isa = PBXBuildFile; fileRef = 0B1904BC1EE66192004C46EE /* AJUploadPicModel.m */; };
		0B1904CC1EE66192004C46EE /* PreviewUpLoadCollectionViewCell.m in Sources */ = {isa = PBXBuildFile; fileRef = 0B1904BE1EE66192004C46EE /* PreviewUpLoadCollectionViewCell.m */; };
		0B1904CD1EE66192004C46EE /* PreviewUpLoadCollectionViewCell.xib in Resources */ = {isa = PBXBuildFile; fileRef = 0B1904BF1EE66192004C46EE /* PreviewUpLoadCollectionViewCell.xib */; };
		0B1904CE1EE66192004C46EE /* TJCircleView.m in Sources */ = {isa = PBXBuildFile; fileRef = 0B1904C11EE66192004C46EE /* TJCircleView.m */; };
		0B1904E01EE668EC004C46EE /* AJTbViewCellModel.m in Sources */ = {isa = PBXBuildFile; fileRef = 0B1904D21EE668EC004C46EE /* AJTbViewCellModel.m */; };
		0B1904E11EE668EC004C46EE /* AJTbViewPresenter.m in Sources */ = {isa = PBXBuildFile; fileRef = 0B1904D51EE668EC004C46EE /* AJTbViewPresenter.m */; };
		0B1904E21EE668EC004C46EE /* AJBaseTbViewController.m in Sources */ = {isa = PBXBuildFile; fileRef = 0B1904DD1EE668EC004C46EE /* AJBaseTbViewController.m */; };
		0B1904E31EE668EC004C46EE /* AJTableViewCell.m in Sources */ = {isa = PBXBuildFile; fileRef = 0B1904DF1EE668EC004C46EE /* AJTableViewCell.m */; };
		0B2343BD1EC01CA1007A3AC1 /* main.m in Sources */ = {isa = PBXBuildFile; fileRef = 0B2343BC1EC01CA1007A3AC1 /* main.m */; };
		0B2343C01EC01CA1007A3AC1 /* AppDelegate.m in Sources */ = {isa = PBXBuildFile; fileRef = 0B2343BF1EC01CA1007A3AC1 /* AppDelegate.m */; };
		0B2343C91EC01CA1007A3AC1 /* Main.storyboard in Resources */ = {isa = PBXBuildFile; fileRef = 0B2343C71EC01CA1007A3AC1 /* Main.storyboard */; };
		0B2343CB1EC01CA1007A3AC1 /* Assets.xcassets in Resources */ = {isa = PBXBuildFile; fileRef = 0B2343CA1EC01CA1007A3AC1 /* Assets.xcassets */; };
		0B2343CE1EC01CA1007A3AC1 /* LaunchScreen.storyboard in Resources */ = {isa = PBXBuildFile; fileRef = 0B2343CC1EC01CA1007A3AC1 /* LaunchScreen.storyboard */; };
		0B2343D91EC01CA2007A3AC1 /* MyHomeCloudTests.m in Sources */ = {isa = PBXBuildFile; fileRef = 0B2343D81EC01CA2007A3AC1 /* MyHomeCloudTests.m */; };
		0B2344591EC03095007A3AC1 /* NSMutableArray+CTExtension.m in Sources */ = {isa = PBXBuildFile; fileRef = 0B2343E81EC03095007A3AC1 /* NSMutableArray+CTExtension.m */; };
		0B23445A1EC03095007A3AC1 /* NSMutableDictionary+IHateNil.m in Sources */ = {isa = PBXBuildFile; fileRef = 0B2343EA1EC03095007A3AC1 /* NSMutableDictionary+IHateNil.m */; };
		0B23445B1EC03095007A3AC1 /* NSString+Extension.m in Sources */ = {isa = PBXBuildFile; fileRef = 0B2343EC1EC03095007A3AC1 /* NSString+Extension.m */; };
		0B23445C1EC03095007A3AC1 /* UIAlertController+TYKYAlertBlock.m in Sources */ = {isa = PBXBuildFile; fileRef = 0B2343EE1EC03095007A3AC1 /* UIAlertController+TYKYAlertBlock.m */; };
		0B23445D1EC03095007A3AC1 /* UIImage+Scale.m in Sources */ = {isa = PBXBuildFile; fileRef = 0B2343F01EC03095007A3AC1 /* UIImage+Scale.m */; };
		0B23445E1EC03095007A3AC1 /* UIScrollView+UITouchEvent.m in Sources */ = {isa = PBXBuildFile; fileRef = 0B2343F21EC03095007A3AC1 /* UIScrollView+UITouchEvent.m */; };
		0B23445F1EC03095007A3AC1 /* UITableView+NoMoreDataInFooter.m in Sources */ = {isa = PBXBuildFile; fileRef = 0B2343F41EC03095007A3AC1 /* UITableView+NoMoreDataInFooter.m */; };
		0B2344601EC03095007A3AC1 /* UIView+SDXIBExtension.m in Sources */ = {isa = PBXBuildFile; fileRef = 0B2343F61EC03095007A3AC1 /* UIView+SDXIBExtension.m */; };
		0B2344611EC03095007A3AC1 /* UIView+TYKYPrompt.m in Sources */ = {isa = PBXBuildFile; fileRef = 0B2343F81EC03095007A3AC1 /* UIView+TYKYPrompt.m */; };
		0B2344631EC03095007A3AC1 /* Colours.m in Sources */ = {isa = PBXBuildFile; fileRef = 0B2343FD1EC03095007A3AC1 /* Colours.m */; };
		0B2344681EC03095007A3AC1 /* TJDownloadTool.m in Sources */ = {isa = PBXBuildFile; fileRef = 0B23440A1EC03095007A3AC1 /* TJDownloadTool.m */; };
		0B23446C1EC03095007A3AC1 /* CTTool.m in Sources */ = {isa = PBXBuildFile; fileRef = 0B2344141EC03095007A3AC1 /* CTTool.m */; };
		0B23446E1EC03095007A3AC1 /* AJLocalDataCenter.m in Sources */ = {isa = PBXBuildFile; fileRef = 0B2344191EC03095007A3AC1 /* AJLocalDataCenter.m */; };
		0B23447B1EC03095007A3AC1 /* AdjustScrollView.m in Sources */ = {isa = PBXBuildFile; fileRef = 0B2344421EC03095007A3AC1 /* AdjustScrollView.m */; };
		0B23447C1EC03095007A3AC1 /* AutoRunLabel.m in Sources */ = {isa = PBXBuildFile; fileRef = 0B2344441EC03095007A3AC1 /* AutoRunLabel.m */; };
		0B302F5E1ED01835006896CA /* AJOtherViewController.m in Sources */ = {isa = PBXBuildFile; fileRef = 0B302F5C1ED01835006896CA /* AJOtherViewController.m */; };
		0B302F5F1ED01835006896CA /* AJOtherViewController.xib in Resources */ = {isa = PBXBuildFile; fileRef = 0B302F5D1ED01835006896CA /* AJOtherViewController.xib */; };
		0B302F6E1ED04F47006896CA /* AJUserHeadViewController.m in Sources */ = {isa = PBXBuildFile; fileRef = 0B302F6C1ED04F47006896CA /* AJUserHeadViewController.m */; };
		0B302F6F1ED04F47006896CA /* AJUserHeadViewController.xib in Resources */ = {isa = PBXBuildFile; fileRef = 0B302F6D1ED04F47006896CA /* AJUserHeadViewController.xib */; };
		0B57F5941EC198D000B89CE2 /* AJUserCenterViewController.m in Sources */ = {isa = PBXBuildFile; fileRef = 0B57F5921EC198D000B89CE2 /* AJUserCenterViewController.m */; };
		0B57F5951EC198D000B89CE2 /* AJUserCenterViewController.xib in Resources */ = {isa = PBXBuildFile; fileRef = 0B57F5931EC198D000B89CE2 /* AJUserCenterViewController.xib */; };
		0B57F5991EC198DB00B89CE2 /* AJNewsViewController.m in Sources */ = {isa = PBXBuildFile; fileRef = 0B57F5971EC198DA00B89CE2 /* AJNewsViewController.m */; };
		0B57F59A1EC198DB00B89CE2 /* AJNewsViewController.xib in Resources */ = {isa = PBXBuildFile; fileRef = 0B57F5981EC198DA00B89CE2 /* AJNewsViewController.xib */; };
		0B57F59E1EC198F100B89CE2 /* CTBaseViewController.m in Sources */ = {isa = PBXBuildFile; fileRef = 0B57F59D1EC198F100B89CE2 /* CTBaseViewController.m */; };
		0B57F5A11EC1991800B89CE2 /* AjMainTabBarViewController.m in Sources */ = {isa = PBXBuildFile; fileRef = 0B57F5A01EC1991800B89CE2 /* AjMainTabBarViewController.m */; };
		0B59A52C1ED17D8600E8E787 /* AJPickViewTextField.m in Sources */ = {isa = PBXBuildFile; fileRef = 0B59A52B1ED17D8600E8E787 /* AJPickViewTextField.m */; };
		0B6E12C51EC4235300103571 /* AJLoginViewController.m in Sources */ = {isa = PBXBuildFile; fileRef = 0B6E12C31EC4235300103571 /* AJLoginViewController.m */; };
		0B6E12C61EC4235300103571 /* AJLoginViewController.xib in Resources */ = {isa = PBXBuildFile; fileRef = 0B6E12C41EC4235300103571 /* AJLoginViewController.xib */; };
		0BE2A35C1EC2D2CD00519840 /* AJMeCenterData.m in Sources */ = {isa = PBXBuildFile; fileRef = 0BE2A35B1EC2D2CD00519840 /* AJMeCenterData.m */; };
		0BE2A35F1EC2DE1700519840 /* AJMeModel.m in Sources */ = {isa = PBXBuildFile; fileRef = 0BE2A35E1EC2DE1700519840 /* AJMeModel.m */; };
		0BE4D9A11ECBEA9700E4ADCD /* CTHomeBaseViewController.m in Sources */ = {isa = PBXBuildFile; fileRef = 0BE4D9A01ECBEA9700E4ADCD /* CTHomeBaseViewController.m */; };
		0BE4D9EF1ECC6B8200E4ADCD /* AJHomeViewController.m in Sources */ = {isa = PBXBuildFile; fileRef = 0BE4D9ED1ECC6B8200E4ADCD /* AJHomeViewController.m */; };
		0BE4D9F01ECC6B8200E4ADCD /* AJHomeViewController.xib in Resources */ = {isa = PBXBuildFile; fileRef = 0BE4D9EE1ECC6B8200E4ADCD /* AJHomeViewController.xib */; };
		9E8788EDDBF16621BCB775EC /* libPods-MyHomeCloud.a in Frameworks */ = {isa = PBXBuildFile; fileRef = 28918ABEED7A893430DD718E /* libPods-MyHomeCloud.a */; };
		9FC8B56C676C33C132BD175B /* libPods-MyHomeCloudTests.a in Frameworks */ = {isa = PBXBuildFile; fileRef = 8195A483A5A5B25BE92F9997 /* libPods-MyHomeCloudTests.a */; };
		A40B20B61EC733280027399E /* AJHouseDetailsViewController.m in Sources */ = {isa = PBXBuildFile; fileRef = A40B20B41EC733280027399E /* AJHouseDetailsViewController.m */; };
		A40B20B71EC733280027399E /* AJHouseDetailsViewController.xib in Resources */ = {isa = PBXBuildFile; fileRef = A40B20B51EC733280027399E /* AJHouseDetailsViewController.xib */; };
		A411B3C01EC4B0BD00244B6E /* AJSettingViewController.m in Sources */ = {isa = PBXBuildFile; fileRef = A411B3BE1EC4B0BD00244B6E /* AJSettingViewController.m */; };
		A411B3C11EC4B0BD00244B6E /* AJSettingViewController.xib in Resources */ = {isa = PBXBuildFile; fileRef = A411B3BF1EC4B0BD00244B6E /* AJSettingViewController.xib */; };
		A4E6A4941EC61243006B882A /* AJSearchViewController.m in Sources */ = {isa = PBXBuildFile; fileRef = A4E6A4921EC61243006B882A /* AJSearchViewController.m */; };
		A4E6A4951EC61243006B882A /* AJSearchViewController.xib in Resources */ = {isa = PBXBuildFile; fileRef = A4E6A4931EC61243006B882A /* AJSearchViewController.xib */; };
/* End PBXBuildFile section */

/* Begin PBXContainerItemProxy section */
		0B2343D51EC01CA2007A3AC1 /* PBXContainerItemProxy */ = {
			isa = PBXContainerItemProxy;
			containerPortal = 0B2343B01EC01CA1007A3AC1 /* Project object */;
			proxyType = 1;
			remoteGlobalIDString = 0B2343B71EC01CA1007A3AC1;
			remoteInfo = MyHomeCloud;
		};
/* End PBXContainerItemProxy section */

/* Begin PBXFileReference section */
		0B15DE7C1ED2C8BE003A54E3 /* AFNetworkReachabilityManager.h */ = {isa = PBXFileReference; fileEncoding = 4; lastKnownFileType = sourcecode.c.h; path = AFNetworkReachabilityManager.h; sourceTree = "<group>"; };
		0B15DE7D1ED2C8BE003A54E3 /* AFNetworkReachabilityManager.m */ = {isa = PBXFileReference; fileEncoding = 4; lastKnownFileType = sourcecode.c.objc; path = AFNetworkReachabilityManager.m; sourceTree = "<group>"; };
		0B19049E1EE6546E004C46EE /* AJSecondHouseViewController.h */ = {isa = PBXFileReference; fileEncoding = 4; lastKnownFileType = sourcecode.c.h; path = AJSecondHouseViewController.h; sourceTree = "<group>"; };
		0B19049F1EE6546E004C46EE /* AJSecondHouseViewController.m */ = {isa = PBXFileReference; fileEncoding = 4; lastKnownFileType = sourcecode.c.objc; path = AJSecondHouseViewController.m; sourceTree = "<group>"; };
		0B1904A01EE6546E004C46EE /* AJSecondHouseViewController.xib */ = {isa = PBXFileReference; fileEncoding = 4; lastKnownFileType = file.xib; path = AJSecondHouseViewController.xib; sourceTree = "<group>"; };
		0B1904A31EE65EC1004C46EE /* AJSecondHouseCellModel.h */ = {isa = PBXFileReference; fileEncoding = 4; lastKnownFileType = sourcecode.c.h; path = AJSecondHouseCellModel.h; sourceTree = "<group>"; };
		0B1904A41EE65EC1004C46EE /* AJSecondHouseCellModel.m */ = {isa = PBXFileReference; fileEncoding = 4; lastKnownFileType = sourcecode.c.objc; path = AJSecondHouseCellModel.m; sourceTree = "<group>"; };
		0B1904A51EE65EC1004C46EE /* AJSecondHouseTableViewCell.h */ = {isa = PBXFileReference; fileEncoding = 4; lastKnownFileType = sourcecode.c.h; path = AJSecondHouseTableViewCell.h; sourceTree = "<group>"; };
		0B1904A61EE65EC1004C46EE /* AJSecondHouseTableViewCell.m */ = {isa = PBXFileReference; fileEncoding = 4; lastKnownFileType = sourcecode.c.objc; path = AJSecondHouseTableViewCell.m; sourceTree = "<group>"; };
		0B1904A71EE65EC1004C46EE /* AJSecondHouseTableViewCell.xib */ = {isa = PBXFileReference; fileEncoding = 4; lastKnownFileType = file.xib; path = AJSecondHouseTableViewCell.xib; sourceTree = "<group>"; };
		0B1904AC1EE66192004C46EE /* AJAddSecondHouserViewController.h */ = {isa = PBXFileReference; fileEncoding = 4; lastKnownFileType = sourcecode.c.h; path = AJAddSecondHouserViewController.h; sourceTree = "<group>"; };
		0B1904AD1EE66192004C46EE /* AJAddSecondHouserViewController.m */ = {isa = PBXFileReference; fileEncoding = 4; lastKnownFileType = sourcecode.c.objc; path = AJAddSecondHouserViewController.m; sourceTree = "<group>"; };
		0B1904AE1EE66192004C46EE /* AJAddSecondHouserViewController.xib */ = {isa = PBXFileReference; fileEncoding = 4; lastKnownFileType = file.xib; path = AJAddSecondHouserViewController.xib; sourceTree = "<group>"; };
		0B1904AF1EE66192004C46EE /* AJAllHouseListViewController.h */ = {isa = PBXFileReference; fileEncoding = 4; lastKnownFileType = sourcecode.c.h; path = AJAllHouseListViewController.h; sourceTree = "<group>"; };
		0B1904B01EE66192004C46EE /* AJAllHouseListViewController.m */ = {isa = PBXFileReference; fileEncoding = 4; lastKnownFileType = sourcecode.c.objc; path = AJAllHouseListViewController.m; sourceTree = "<group>"; };
		0B1904B11EE66192004C46EE /* AJAllHouseListViewController.xib */ = {isa = PBXFileReference; fileEncoding = 4; lastKnownFileType = file.xib; path = AJAllHouseListViewController.xib; sourceTree = "<group>"; };
		0B1904B21EE66192004C46EE /* AJNewHouseModel.h */ = {isa = PBXFileReference; fileEncoding = 4; lastKnownFileType = sourcecode.c.h; path = AJNewHouseModel.h; sourceTree = "<group>"; };
		0B1904B31EE66192004C46EE /* AJNewHouseModel.m */ = {isa = PBXFileReference; fileEncoding = 4; lastKnownFileType = sourcecode.c.objc; path = AJNewHouseModel.m; sourceTree = "<group>"; };
		0B1904B41EE66192004C46EE /* AJNewHouseTableViewCell.h */ = {isa = PBXFileReference; fileEncoding = 4; lastKnownFileType = sourcecode.c.h; path = AJNewHouseTableViewCell.h; sourceTree = "<group>"; };
		0B1904B51EE66192004C46EE /* AJNewHouseTableViewCell.m */ = {isa = PBXFileReference; fileEncoding = 4; lastKnownFileType = sourcecode.c.objc; path = AJNewHouseTableViewCell.m; sourceTree = "<group>"; };
		0B1904B61EE66192004C46EE /* AJNewHouseTableViewCell.xib */ = {isa = PBXFileReference; fileEncoding = 4; lastKnownFileType = file.xib; path = AJNewHouseTableViewCell.xib; sourceTree = "<group>"; };
		0B1904B81EE66192004C46EE /* AJHouseDesViewController.h */ = {isa = PBXFileReference; fileEncoding = 4; lastKnownFileType = sourcecode.c.h; path = AJHouseDesViewController.h; sourceTree = "<group>"; };
		0B1904B91EE66192004C46EE /* AJHouseDesViewController.m */ = {isa = PBXFileReference; fileEncoding = 4; lastKnownFileType = sourcecode.c.objc; path = AJHouseDesViewController.m; sourceTree = "<group>"; };
		0B1904BA1EE66192004C46EE /* AJHouseDesViewController.xib */ = {isa = PBXFileReference; fileEncoding = 4; lastKnownFileType = file.xib; path = AJHouseDesViewController.xib; sourceTree = "<group>"; };
		0B1904BB1EE66192004C46EE /* AJUploadPicModel.h */ = {isa = PBXFileReference; fileEncoding = 4; lastKnownFileType = sourcecode.c.h; path = AJUploadPicModel.h; sourceTree = "<group>"; };
		0B1904BC1EE66192004C46EE /* AJUploadPicModel.m */ = {isa = PBXFileReference; fileEncoding = 4; lastKnownFileType = sourcecode.c.objc; path = AJUploadPicModel.m; sourceTree = "<group>"; };
		0B1904BD1EE66192004C46EE /* PreviewUpLoadCollectionViewCell.h */ = {isa = PBXFileReference; fileEncoding = 4; lastKnownFileType = sourcecode.c.h; path = PreviewUpLoadCollectionViewCell.h; sourceTree = "<group>"; };
		0B1904BE1EE66192004C46EE /* PreviewUpLoadCollectionViewCell.m */ = {isa = PBXFileReference; fileEncoding = 4; lastKnownFileType = sourcecode.c.objc; path = PreviewUpLoadCollectionViewCell.m; sourceTree = "<group>"; };
		0B1904BF1EE66192004C46EE /* PreviewUpLoadCollectionViewCell.xib */ = {isa = PBXFileReference; fileEncoding = 4; lastKnownFileType = file.xib; path = PreviewUpLoadCollectionViewCell.xib; sourceTree = "<group>"; };
		0B1904C01EE66192004C46EE /* TJCircleView.h */ = {isa = PBXFileReference; fileEncoding = 4; lastKnownFileType = sourcecode.c.h; path = TJCircleView.h; sourceTree = "<group>"; };
		0B1904C11EE66192004C46EE /* TJCircleView.m */ = {isa = PBXFileReference; fileEncoding = 4; lastKnownFileType = sourcecode.c.objc; path = TJCircleView.m; sourceTree = "<group>"; };
		0B1904D11EE668EC004C46EE /* AJTbViewCellModel.h */ = {isa = PBXFileReference; fileEncoding = 4; lastKnownFileType = sourcecode.c.h; path = AJTbViewCellModel.h; sourceTree = "<group>"; };
		0B1904D21EE668EC004C46EE /* AJTbViewCellModel.m */ = {isa = PBXFileReference; fileEncoding = 4; lastKnownFileType = sourcecode.c.objc; path = AJTbViewCellModel.m; sourceTree = "<group>"; };
		0B1904D41EE668EC004C46EE /* AJTbViewPresenter.h */ = {isa = PBXFileReference; fileEncoding = 4; lastKnownFileType = sourcecode.c.h; path = AJTbViewPresenter.h; sourceTree = "<group>"; };
		0B1904D51EE668EC004C46EE /* AJTbViewPresenter.m */ = {isa = PBXFileReference; fileEncoding = 4; lastKnownFileType = sourcecode.c.objc; path = AJTbViewPresenter.m; sourceTree = "<group>"; };
		0B1904D71EE668EC004C46EE /* AJTbViewCellModelProtocol.h */ = {isa = PBXFileReference; fileEncoding = 4; lastKnownFileType = sourcecode.c.h; path = AJTbViewCellModelProtocol.h; sourceTree = "<group>"; };
		0B1904D81EE668EC004C46EE /* AJTbViewCellProtocol.h */ = {isa = PBXFileReference; fileEncoding = 4; lastKnownFileType = sourcecode.c.h; path = AJTbViewCellProtocol.h; sourceTree = "<group>"; };
		0B1904D91EE668EC004C46EE /* AJTbViewPresenterProtocol.h */ = {isa = PBXFileReference; fileEncoding = 4; lastKnownFileType = sourcecode.c.h; path = AJTbViewPresenterProtocol.h; sourceTree = "<group>"; };
		0B1904DA1EE668EC004C46EE /* AJTbViewProtocol.h */ = {isa = PBXFileReference; fileEncoding = 4; lastKnownFileType = sourcecode.c.h; path = AJTbViewProtocol.h; sourceTree = "<group>"; };
		0B1904DC1EE668EC004C46EE /* AJBaseTbViewController.h */ = {isa = PBXFileReference; fileEncoding = 4; lastKnownFileType = sourcecode.c.h; path = AJBaseTbViewController.h; sourceTree = "<group>"; };
		0B1904DD1EE668EC004C46EE /* AJBaseTbViewController.m */ = {isa = PBXFileReference; fileEncoding = 4; lastKnownFileType = sourcecode.c.objc; path = AJBaseTbViewController.m; sourceTree = "<group>"; };
		0B1904DE1EE668EC004C46EE /* AJTableViewCell.h */ = {isa = PBXFileReference; fileEncoding = 4; lastKnownFileType = sourcecode.c.h; path = AJTableViewCell.h; sourceTree = "<group>"; };
		0B1904DF1EE668EC004C46EE /* AJTableViewCell.m */ = {isa = PBXFileReference; fileEncoding = 4; lastKnownFileType = sourcecode.c.objc; path = AJTableViewCell.m; sourceTree = "<group>"; };
		0B2343B81EC01CA1007A3AC1 /* MyHomeCloud.app */ = {isa = PBXFileReference; explicitFileType = wrapper.application; includeInIndex = 0; path = MyHomeCloud.app; sourceTree = BUILT_PRODUCTS_DIR; };
		0B2343BC1EC01CA1007A3AC1 /* main.m */ = {isa = PBXFileReference; lastKnownFileType = sourcecode.c.objc; path = main.m; sourceTree = "<group>"; };
		0B2343BE1EC01CA1007A3AC1 /* AppDelegate.h */ = {isa = PBXFileReference; lastKnownFileType = sourcecode.c.h; path = AppDelegate.h; sourceTree = "<group>"; };
		0B2343BF1EC01CA1007A3AC1 /* AppDelegate.m */ = {isa = PBXFileReference; lastKnownFileType = sourcecode.c.objc; path = AppDelegate.m; sourceTree = "<group>"; };
		0B2343C81EC01CA1007A3AC1 /* Base */ = {isa = PBXFileReference; lastKnownFileType = file.storyboard; name = Base; path = Base.lproj/Main.storyboard; sourceTree = "<group>"; };
		0B2343CA1EC01CA1007A3AC1 /* Assets.xcassets */ = {isa = PBXFileReference; lastKnownFileType = folder.assetcatalog; path = Assets.xcassets; sourceTree = "<group>"; };
		0B2343CD1EC01CA1007A3AC1 /* Base */ = {isa = PBXFileReference; lastKnownFileType = file.storyboard; name = Base; path = Base.lproj/LaunchScreen.storyboard; sourceTree = "<group>"; };
		0B2343CF1EC01CA1007A3AC1 /* Info.plist */ = {isa = PBXFileReference; lastKnownFileType = text.plist.xml; path = Info.plist; sourceTree = "<group>"; };
		0B2343D41EC01CA2007A3AC1 /* MyHomeCloudTests.xctest */ = {isa = PBXFileReference; explicitFileType = wrapper.cfbundle; includeInIndex = 0; path = MyHomeCloudTests.xctest; sourceTree = BUILT_PRODUCTS_DIR; };
		0B2343D81EC01CA2007A3AC1 /* MyHomeCloudTests.m */ = {isa = PBXFileReference; lastKnownFileType = sourcecode.c.objc; path = MyHomeCloudTests.m; sourceTree = "<group>"; };
		0B2343DA1EC01CA2007A3AC1 /* Info.plist */ = {isa = PBXFileReference; lastKnownFileType = text.plist.xml; path = Info.plist; sourceTree = "<group>"; };
		0B2343E71EC03095007A3AC1 /* NSMutableArray+CTExtension.h */ = {isa = PBXFileReference; fileEncoding = 4; lastKnownFileType = sourcecode.c.h; path = "NSMutableArray+CTExtension.h"; sourceTree = "<group>"; };
		0B2343E81EC03095007A3AC1 /* NSMutableArray+CTExtension.m */ = {isa = PBXFileReference; fileEncoding = 4; lastKnownFileType = sourcecode.c.objc; path = "NSMutableArray+CTExtension.m"; sourceTree = "<group>"; };
		0B2343E91EC03095007A3AC1 /* NSMutableDictionary+IHateNil.h */ = {isa = PBXFileReference; fileEncoding = 4; lastKnownFileType = sourcecode.c.h; path = "NSMutableDictionary+IHateNil.h"; sourceTree = "<group>"; };
		0B2343EA1EC03095007A3AC1 /* NSMutableDictionary+IHateNil.m */ = {isa = PBXFileReference; fileEncoding = 4; lastKnownFileType = sourcecode.c.objc; path = "NSMutableDictionary+IHateNil.m"; sourceTree = "<group>"; };
		0B2343EB1EC03095007A3AC1 /* NSString+Extension.h */ = {isa = PBXFileReference; fileEncoding = 4; lastKnownFileType = sourcecode.c.h; path = "NSString+Extension.h"; sourceTree = "<group>"; };
		0B2343EC1EC03095007A3AC1 /* NSString+Extension.m */ = {isa = PBXFileReference; fileEncoding = 4; lastKnownFileType = sourcecode.c.objc; path = "NSString+Extension.m"; sourceTree = "<group>"; };
		0B2343ED1EC03095007A3AC1 /* UIAlertController+TYKYAlertBlock.h */ = {isa = PBXFileReference; fileEncoding = 4; lastKnownFileType = sourcecode.c.h; path = "UIAlertController+TYKYAlertBlock.h"; sourceTree = "<group>"; };
		0B2343EE1EC03095007A3AC1 /* UIAlertController+TYKYAlertBlock.m */ = {isa = PBXFileReference; fileEncoding = 4; lastKnownFileType = sourcecode.c.objc; path = "UIAlertController+TYKYAlertBlock.m"; sourceTree = "<group>"; };
		0B2343EF1EC03095007A3AC1 /* UIImage+Scale.h */ = {isa = PBXFileReference; fileEncoding = 4; lastKnownFileType = sourcecode.c.h; path = "UIImage+Scale.h"; sourceTree = "<group>"; };
		0B2343F01EC03095007A3AC1 /* UIImage+Scale.m */ = {isa = PBXFileReference; fileEncoding = 4; lastKnownFileType = sourcecode.c.objc; path = "UIImage+Scale.m"; sourceTree = "<group>"; };
		0B2343F11EC03095007A3AC1 /* UIScrollView+UITouchEvent.h */ = {isa = PBXFileReference; fileEncoding = 4; lastKnownFileType = sourcecode.c.h; path = "UIScrollView+UITouchEvent.h"; sourceTree = "<group>"; };
		0B2343F21EC03095007A3AC1 /* UIScrollView+UITouchEvent.m */ = {isa = PBXFileReference; fileEncoding = 4; lastKnownFileType = sourcecode.c.objc; path = "UIScrollView+UITouchEvent.m"; sourceTree = "<group>"; };
		0B2343F31EC03095007A3AC1 /* UITableView+NoMoreDataInFooter.h */ = {isa = PBXFileReference; fileEncoding = 4; lastKnownFileType = sourcecode.c.h; path = "UITableView+NoMoreDataInFooter.h"; sourceTree = "<group>"; };
		0B2343F41EC03095007A3AC1 /* UITableView+NoMoreDataInFooter.m */ = {isa = PBXFileReference; fileEncoding = 4; lastKnownFileType = sourcecode.c.objc; path = "UITableView+NoMoreDataInFooter.m"; sourceTree = "<group>"; };
		0B2343F51EC03095007A3AC1 /* UIView+SDXIBExtension.h */ = {isa = PBXFileReference; fileEncoding = 4; lastKnownFileType = sourcecode.c.h; path = "UIView+SDXIBExtension.h"; sourceTree = "<group>"; };
		0B2343F61EC03095007A3AC1 /* UIView+SDXIBExtension.m */ = {isa = PBXFileReference; fileEncoding = 4; lastKnownFileType = sourcecode.c.objc; path = "UIView+SDXIBExtension.m"; sourceTree = "<group>"; };
		0B2343F71EC03095007A3AC1 /* UIView+TYKYPrompt.h */ = {isa = PBXFileReference; fileEncoding = 4; lastKnownFileType = sourcecode.c.h; path = "UIView+TYKYPrompt.h"; sourceTree = "<group>"; };
		0B2343F81EC03095007A3AC1 /* UIView+TYKYPrompt.m */ = {isa = PBXFileReference; fileEncoding = 4; lastKnownFileType = sourcecode.c.objc; path = "UIView+TYKYPrompt.m"; sourceTree = "<group>"; };
		0B2343FC1EC03095007A3AC1 /* Colours.h */ = {isa = PBXFileReference; fileEncoding = 4; lastKnownFileType = sourcecode.c.h; path = Colours.h; sourceTree = "<group>"; };
		0B2343FD1EC03095007A3AC1 /* Colours.m */ = {isa = PBXFileReference; fileEncoding = 4; lastKnownFileType = sourcecode.c.objc; path = Colours.m; sourceTree = "<group>"; };
		0B2344091EC03095007A3AC1 /* TJDownloadTool.h */ = {isa = PBXFileReference; fileEncoding = 4; lastKnownFileType = sourcecode.c.h; path = TJDownloadTool.h; sourceTree = "<group>"; };
		0B23440A1EC03095007A3AC1 /* TJDownloadTool.m */ = {isa = PBXFileReference; fileEncoding = 4; lastKnownFileType = sourcecode.c.objc; path = TJDownloadTool.m; sourceTree = "<group>"; };
		0B2344131EC03095007A3AC1 /* CTTool.h */ = {isa = PBXFileReference; fileEncoding = 4; lastKnownFileType = sourcecode.c.h; path = CTTool.h; sourceTree = "<group>"; };
		0B2344141EC03095007A3AC1 /* CTTool.m */ = {isa = PBXFileReference; fileEncoding = 4; lastKnownFileType = sourcecode.c.objc; path = CTTool.m; sourceTree = "<group>"; };
		0B2344181EC03095007A3AC1 /* AJLocalDataCenter.h */ = {isa = PBXFileReference; fileEncoding = 4; lastKnownFileType = sourcecode.c.h; path = AJLocalDataCenter.h; sourceTree = "<group>"; };
		0B2344191EC03095007A3AC1 /* AJLocalDataCenter.m */ = {isa = PBXFileReference; fileEncoding = 4; lastKnownFileType = sourcecode.c.objc; path = AJLocalDataCenter.m; sourceTree = "<group>"; };
		0B2344411EC03095007A3AC1 /* AdjustScrollView.h */ = {isa = PBXFileReference; fileEncoding = 4; lastKnownFileType = sourcecode.c.h; path = AdjustScrollView.h; sourceTree = "<group>"; };
		0B2344421EC03095007A3AC1 /* AdjustScrollView.m */ = {isa = PBXFileReference; fileEncoding = 4; lastKnownFileType = sourcecode.c.objc; path = AdjustScrollView.m; sourceTree = "<group>"; };
		0B2344431EC03095007A3AC1 /* AutoRunLabel.h */ = {isa = PBXFileReference; fileEncoding = 4; lastKnownFileType = sourcecode.c.h; path = AutoRunLabel.h; sourceTree = "<group>"; };
		0B2344441EC03095007A3AC1 /* AutoRunLabel.m */ = {isa = PBXFileReference; fileEncoding = 4; lastKnownFileType = sourcecode.c.objc; path = AutoRunLabel.m; sourceTree = "<group>"; };
		0B2344841EC04296007A3AC1 /* MyHomeCloud.pch */ = {isa = PBXFileReference; lastKnownFileType = sourcecode.c.h; path = MyHomeCloud.pch; sourceTree = "<group>"; };
		0B302F5B1ED01835006896CA /* AJOtherViewController.h */ = {isa = PBXFileReference; fileEncoding = 4; lastKnownFileType = sourcecode.c.h; path = AJOtherViewController.h; sourceTree = "<group>"; };
		0B302F5C1ED01835006896CA /* AJOtherViewController.m */ = {isa = PBXFileReference; fileEncoding = 4; lastKnownFileType = sourcecode.c.objc; path = AJOtherViewController.m; sourceTree = "<group>"; };
		0B302F5D1ED01835006896CA /* AJOtherViewController.xib */ = {isa = PBXFileReference; fileEncoding = 4; lastKnownFileType = file.xib; path = AJOtherViewController.xib; sourceTree = "<group>"; };
		0B302F6B1ED04F47006896CA /* AJUserHeadViewController.h */ = {isa = PBXFileReference; fileEncoding = 4; lastKnownFileType = sourcecode.c.h; path = AJUserHeadViewController.h; sourceTree = "<group>"; };
		0B302F6C1ED04F47006896CA /* AJUserHeadViewController.m */ = {isa = PBXFileReference; fileEncoding = 4; lastKnownFileType = sourcecode.c.objc; path = AJUserHeadViewController.m; sourceTree = "<group>"; };
		0B302F6D1ED04F47006896CA /* AJUserHeadViewController.xib */ = {isa = PBXFileReference; fileEncoding = 4; lastKnownFileType = file.xib; path = AJUserHeadViewController.xib; sourceTree = "<group>"; };
		0B57F5911EC198D000B89CE2 /* AJUserCenterViewController.h */ = {isa = PBXFileReference; fileEncoding = 4; lastKnownFileType = sourcecode.c.h; path = AJUserCenterViewController.h; sourceTree = "<group>"; };
		0B57F5921EC198D000B89CE2 /* AJUserCenterViewController.m */ = {isa = PBXFileReference; fileEncoding = 4; lastKnownFileType = sourcecode.c.objc; path = AJUserCenterViewController.m; sourceTree = "<group>"; };
		0B57F5931EC198D000B89CE2 /* AJUserCenterViewController.xib */ = {isa = PBXFileReference; fileEncoding = 4; lastKnownFileType = file.xib; path = AJUserCenterViewController.xib; sourceTree = "<group>"; };
		0B57F5961EC198DA00B89CE2 /* AJNewsViewController.h */ = {isa = PBXFileReference; fileEncoding = 4; lastKnownFileType = sourcecode.c.h; path = AJNewsViewController.h; sourceTree = "<group>"; };
		0B57F5971EC198DA00B89CE2 /* AJNewsViewController.m */ = {isa = PBXFileReference; fileEncoding = 4; lastKnownFileType = sourcecode.c.objc; path = AJNewsViewController.m; sourceTree = "<group>"; };
		0B57F5981EC198DA00B89CE2 /* AJNewsViewController.xib */ = {isa = PBXFileReference; fileEncoding = 4; lastKnownFileType = file.xib; path = AJNewsViewController.xib; sourceTree = "<group>"; };
		0B57F59C1EC198F100B89CE2 /* CTBaseViewController.h */ = {isa = PBXFileReference; fileEncoding = 4; lastKnownFileType = sourcecode.c.h; path = CTBaseViewController.h; sourceTree = "<group>"; };
		0B57F59D1EC198F100B89CE2 /* CTBaseViewController.m */ = {isa = PBXFileReference; fileEncoding = 4; lastKnownFileType = sourcecode.c.objc; path = CTBaseViewController.m; sourceTree = "<group>"; };
		0B57F59F1EC1991800B89CE2 /* AjMainTabBarViewController.h */ = {isa = PBXFileReference; fileEncoding = 4; lastKnownFileType = sourcecode.c.h; path = AjMainTabBarViewController.h; sourceTree = "<group>"; };
		0B57F5A01EC1991800B89CE2 /* AjMainTabBarViewController.m */ = {isa = PBXFileReference; fileEncoding = 4; lastKnownFileType = sourcecode.c.objc; path = AjMainTabBarViewController.m; sourceTree = "<group>"; };
		0B59A52A1ED17D8600E8E787 /* AJPickViewTextField.h */ = {isa = PBXFileReference; fileEncoding = 4; lastKnownFileType = sourcecode.c.h; path = AJPickViewTextField.h; sourceTree = "<group>"; };
		0B59A52B1ED17D8600E8E787 /* AJPickViewTextField.m */ = {isa = PBXFileReference; fileEncoding = 4; lastKnownFileType = sourcecode.c.objc; path = AJPickViewTextField.m; sourceTree = "<group>"; };
		0B6E12C21EC4235300103571 /* AJLoginViewController.h */ = {isa = PBXFileReference; fileEncoding = 4; lastKnownFileType = sourcecode.c.h; path = AJLoginViewController.h; sourceTree = "<group>"; };
		0B6E12C31EC4235300103571 /* AJLoginViewController.m */ = {isa = PBXFileReference; fileEncoding = 4; lastKnownFileType = sourcecode.c.objc; path = AJLoginViewController.m; sourceTree = "<group>"; };
		0B6E12C41EC4235300103571 /* AJLoginViewController.xib */ = {isa = PBXFileReference; fileEncoding = 4; lastKnownFileType = file.xib; path = AJLoginViewController.xib; sourceTree = "<group>"; };
		0BB3AC2B1ECE9FE6008FB5E6 /* MyHomeCloud.entitlements */ = {isa = PBXFileReference; lastKnownFileType = text.plist.entitlements; path = MyHomeCloud.entitlements; sourceTree = "<group>"; };
		0BE2A35A1EC2D2CD00519840 /* AJMeCenterData.h */ = {isa = PBXFileReference; fileEncoding = 4; lastKnownFileType = sourcecode.c.h; path = AJMeCenterData.h; sourceTree = "<group>"; };
		0BE2A35B1EC2D2CD00519840 /* AJMeCenterData.m */ = {isa = PBXFileReference; fileEncoding = 4; lastKnownFileType = sourcecode.c.objc; path = AJMeCenterData.m; sourceTree = "<group>"; };
		0BE2A35D1EC2DE1700519840 /* AJMeModel.h */ = {isa = PBXFileReference; fileEncoding = 4; lastKnownFileType = sourcecode.c.h; path = AJMeModel.h; sourceTree = "<group>"; };
		0BE2A35E1EC2DE1700519840 /* AJMeModel.m */ = {isa = PBXFileReference; fileEncoding = 4; lastKnownFileType = sourcecode.c.objc; path = AJMeModel.m; sourceTree = "<group>"; };
		0BE4D99F1ECBEA9700E4ADCD /* CTHomeBaseViewController.h */ = {isa = PBXFileReference; fileEncoding = 4; lastKnownFileType = sourcecode.c.h; path = CTHomeBaseViewController.h; sourceTree = "<group>"; };
		0BE4D9A01ECBEA9700E4ADCD /* CTHomeBaseViewController.m */ = {isa = PBXFileReference; fileEncoding = 4; lastKnownFileType = sourcecode.c.objc; path = CTHomeBaseViewController.m; sourceTree = "<group>"; };
		0BE4D9EC1ECC6B8200E4ADCD /* AJHomeViewController.h */ = {isa = PBXFileReference; fileEncoding = 4; lastKnownFileType = sourcecode.c.h; path = AJHomeViewController.h; sourceTree = "<group>"; };
		0BE4D9ED1ECC6B8200E4ADCD /* AJHomeViewController.m */ = {isa = PBXFileReference; fileEncoding = 4; lastKnownFileType = sourcecode.c.objc; path = AJHomeViewController.m; sourceTree = "<group>"; };
		0BE4D9EE1ECC6B8200E4ADCD /* AJHomeViewController.xib */ = {isa = PBXFileReference; fileEncoding = 4; lastKnownFileType = file.xib; path = AJHomeViewController.xib; sourceTree = "<group>"; };
		1AAB7260269F8CCA93F199B4 /* Pods-MyHomeCloudTests.release.xcconfig */ = {isa = PBXFileReference; includeInIndex = 1; lastKnownFileType = text.xcconfig; name = "Pods-MyHomeCloudTests.release.xcconfig"; path = "Pods/Target Support Files/Pods-MyHomeCloudTests/Pods-MyHomeCloudTests.release.xcconfig"; sourceTree = "<group>"; };
		28918ABEED7A893430DD718E /* libPods-MyHomeCloud.a */ = {isa = PBXFileReference; explicitFileType = archive.ar; includeInIndex = 0; path = "libPods-MyHomeCloud.a"; sourceTree = BUILT_PRODUCTS_DIR; };
		2BD76340FB7FEF978B1E1792 /* Pods-MyHomeCloud.debug.xcconfig */ = {isa = PBXFileReference; includeInIndex = 1; lastKnownFileType = text.xcconfig; name = "Pods-MyHomeCloud.debug.xcconfig"; path = "Pods/Target Support Files/Pods-MyHomeCloud/Pods-MyHomeCloud.debug.xcconfig"; sourceTree = "<group>"; };
		8195A483A5A5B25BE92F9997 /* libPods-MyHomeCloudTests.a */ = {isa = PBXFileReference; explicitFileType = archive.ar; includeInIndex = 0; path = "libPods-MyHomeCloudTests.a"; sourceTree = BUILT_PRODUCTS_DIR; };
		94235DC15FEE09B15B76D4E5 /* Pods-MyHomeCloudTests.debug.xcconfig */ = {isa = PBXFileReference; includeInIndex = 1; lastKnownFileType = text.xcconfig; name = "Pods-MyHomeCloudTests.debug.xcconfig"; path = "Pods/Target Support Files/Pods-MyHomeCloudTests/Pods-MyHomeCloudTests.debug.xcconfig"; sourceTree = "<group>"; };
		A40B20B31EC733280027399E /* AJHouseDetailsViewController.h */ = {isa = PBXFileReference; fileEncoding = 4; lastKnownFileType = sourcecode.c.h; path = AJHouseDetailsViewController.h; sourceTree = "<group>"; };
		A40B20B41EC733280027399E /* AJHouseDetailsViewController.m */ = {isa = PBXFileReference; fileEncoding = 4; lastKnownFileType = sourcecode.c.objc; path = AJHouseDetailsViewController.m; sourceTree = "<group>"; };
		A40B20B51EC733280027399E /* AJHouseDetailsViewController.xib */ = {isa = PBXFileReference; fileEncoding = 4; lastKnownFileType = file.xib; path = AJHouseDetailsViewController.xib; sourceTree = "<group>"; };
		A411B3BD1EC4B0BD00244B6E /* AJSettingViewController.h */ = {isa = PBXFileReference; fileEncoding = 4; lastKnownFileType = sourcecode.c.h; path = AJSettingViewController.h; sourceTree = "<group>"; };
		A411B3BE1EC4B0BD00244B6E /* AJSettingViewController.m */ = {isa = PBXFileReference; fileEncoding = 4; lastKnownFileType = sourcecode.c.objc; path = AJSettingViewController.m; sourceTree = "<group>"; };
		A411B3BF1EC4B0BD00244B6E /* AJSettingViewController.xib */ = {isa = PBXFileReference; fileEncoding = 4; lastKnownFileType = file.xib; path = AJSettingViewController.xib; sourceTree = "<group>"; };
		A4E6A4911EC61243006B882A /* AJSearchViewController.h */ = {isa = PBXFileReference; fileEncoding = 4; lastKnownFileType = sourcecode.c.h; path = AJSearchViewController.h; sourceTree = "<group>"; };
		A4E6A4921EC61243006B882A /* AJSearchViewController.m */ = {isa = PBXFileReference; fileEncoding = 4; lastKnownFileType = sourcecode.c.objc; path = AJSearchViewController.m; sourceTree = "<group>"; };
		A4E6A4931EC61243006B882A /* AJSearchViewController.xib */ = {isa = PBXFileReference; fileEncoding = 4; lastKnownFileType = file.xib; path = AJSearchViewController.xib; sourceTree = "<group>"; };
		B6A1BBA8A047697D99556676 /* Pods-MyHomeCloud.release.xcconfig */ = {isa = PBXFileReference; includeInIndex = 1; lastKnownFileType = text.xcconfig; name = "Pods-MyHomeCloud.release.xcconfig"; path = "Pods/Target Support Files/Pods-MyHomeCloud/Pods-MyHomeCloud.release.xcconfig"; sourceTree = "<group>"; };
/* End PBXFileReference section */

/* Begin PBXFrameworksBuildPhase section */
		0B2343B51EC01CA1007A3AC1 /* Frameworks */ = {
			isa = PBXFrameworksBuildPhase;
			buildActionMask = 2147483647;
			files = (
				9E8788EDDBF16621BCB775EC /* libPods-MyHomeCloud.a in Frameworks */,
			);
			runOnlyForDeploymentPostprocessing = 0;
		};
		0B2343D11EC01CA1007A3AC1 /* Frameworks */ = {
			isa = PBXFrameworksBuildPhase;
			buildActionMask = 2147483647;
			files = (
				9FC8B56C676C33C132BD175B /* libPods-MyHomeCloudTests.a in Frameworks */,
			);
			runOnlyForDeploymentPostprocessing = 0;
		};
/* End PBXFrameworksBuildPhase section */

/* Begin PBXGroup section */
		0B19049A1EE6542B004C46EE /* HouseInfo */ = {
			isa = PBXGroup;
			children = (
				0B1904AB1EE66192004C46EE /* AddSecondHouse */,
				0B19049B1EE6542B004C46EE /* LetHouse */,
				0B19049C1EE6542B004C46EE /* NewHouse */,
				0B19049D1EE6542B004C46EE /* SecondHouse */,
			);
			path = HouseInfo;
			sourceTree = "<group>";
		};
		0B19049B1EE6542B004C46EE /* LetHouse */ = {
			isa = PBXGroup;
			children = (
			);
			path = LetHouse;
			sourceTree = "<group>";
		};
		0B19049C1EE6542B004C46EE /* NewHouse */ = {
			isa = PBXGroup;
			children = (
			);
			path = NewHouse;
			sourceTree = "<group>";
		};
		0B19049D1EE6542B004C46EE /* SecondHouse */ = {
			isa = PBXGroup;
			children = (
				0B19049E1EE6546E004C46EE /* AJSecondHouseViewController.h */,
				0B19049F1EE6546E004C46EE /* AJSecondHouseViewController.m */,
				0B1904A01EE6546E004C46EE /* AJSecondHouseViewController.xib */,
				0B1904A31EE65EC1004C46EE /* AJSecondHouseCellModel.h */,
				0B1904A41EE65EC1004C46EE /* AJSecondHouseCellModel.m */,
				0B1904A51EE65EC1004C46EE /* AJSecondHouseTableViewCell.h */,
				0B1904A61EE65EC1004C46EE /* AJSecondHouseTableViewCell.m */,
				0B1904A71EE65EC1004C46EE /* AJSecondHouseTableViewCell.xib */,
			);
			path = SecondHouse;
			sourceTree = "<group>";
		};
		0B1904AB1EE66192004C46EE /* AddSecondHouse */ = {
			isa = PBXGroup;
			children = (
				0B1904AC1EE66192004C46EE /* AJAddSecondHouserViewController.h */,
				0B1904AD1EE66192004C46EE /* AJAddSecondHouserViewController.m */,
				0B1904AE1EE66192004C46EE /* AJAddSecondHouserViewController.xib */,
				0B1904AF1EE66192004C46EE /* AJAllHouseListViewController.h */,
				0B1904B01EE66192004C46EE /* AJAllHouseListViewController.m */,
				0B1904B11EE66192004C46EE /* AJAllHouseListViewController.xib */,
				0B1904B21EE66192004C46EE /* AJNewHouseModel.h */,
				0B1904B31EE66192004C46EE /* AJNewHouseModel.m */,
				0B1904B41EE66192004C46EE /* AJNewHouseTableViewCell.h */,
				0B1904B51EE66192004C46EE /* AJNewHouseTableViewCell.m */,
				0B1904B61EE66192004C46EE /* AJNewHouseTableViewCell.xib */,
				0B1904B71EE66192004C46EE /* Pictures */,
			);
			path = AddSecondHouse;
			sourceTree = "<group>";
		};
		0B1904B71EE66192004C46EE /* Pictures */ = {
			isa = PBXGroup;
			children = (
				0B1904B81EE66192004C46EE /* AJHouseDesViewController.h */,
				0B1904B91EE66192004C46EE /* AJHouseDesViewController.m */,
				0B1904BA1EE66192004C46EE /* AJHouseDesViewController.xib */,
				0B1904BB1EE66192004C46EE /* AJUploadPicModel.h */,
				0B1904BC1EE66192004C46EE /* AJUploadPicModel.m */,
				0B1904BD1EE66192004C46EE /* PreviewUpLoadCollectionViewCell.h */,
				0B1904BE1EE66192004C46EE /* PreviewUpLoadCollectionViewCell.m */,
				0B1904BF1EE66192004C46EE /* PreviewUpLoadCollectionViewCell.xib */,
				0B1904C01EE66192004C46EE /* TJCircleView.h */,
				0B1904C11EE66192004C46EE /* TJCircleView.m */,
			);
			path = Pictures;
			sourceTree = "<group>";
		};
		0B1904CF1EE668EC004C46EE /* CommonTableView */ = {
			isa = PBXGroup;
			children = (
				0B1904D01EE668EC004C46EE /* Model */,
				0B1904D31EE668EC004C46EE /* Presenter */,
				0B1904D61EE668EC004C46EE /* Protocol */,
				0B1904DB1EE668EC004C46EE /* View */,
			);
			path = CommonTableView;
			sourceTree = "<group>";
		};
		0B1904D01EE668EC004C46EE /* Model */ = {
			isa = PBXGroup;
			children = (
				0B1904D11EE668EC004C46EE /* AJTbViewCellModel.h */,
				0B1904D21EE668EC004C46EE /* AJTbViewCellModel.m */,
			);
			path = Model;
			sourceTree = "<group>";
		};
		0B1904D31EE668EC004C46EE /* Presenter */ = {
			isa = PBXGroup;
			children = (
				0B1904D41EE668EC004C46EE /* AJTbViewPresenter.h */,
				0B1904D51EE668EC004C46EE /* AJTbViewPresenter.m */,
			);
			path = Presenter;
			sourceTree = "<group>";
		};
		0B1904D61EE668EC004C46EE /* Protocol */ = {
			isa = PBXGroup;
			children = (
				0B1904D71EE668EC004C46EE /* AJTbViewCellModelProtocol.h */,
				0B1904D81EE668EC004C46EE /* AJTbViewCellProtocol.h */,
				0B1904D91EE668EC004C46EE /* AJTbViewPresenterProtocol.h */,
				0B1904DA1EE668EC004C46EE /* AJTbViewProtocol.h */,
			);
			path = Protocol;
			sourceTree = "<group>";
		};
		0B1904DB1EE668EC004C46EE /* View */ = {
			isa = PBXGroup;
			children = (
				0B1904DC1EE668EC004C46EE /* AJBaseTbViewController.h */,
				0B1904DD1EE668EC004C46EE /* AJBaseTbViewController.m */,
				0B1904DE1EE668EC004C46EE /* AJTableViewCell.h */,
				0B1904DF1EE668EC004C46EE /* AJTableViewCell.m */,
			);
			path = View;
			sourceTree = "<group>";
		};
		0B2343AF1EC01CA1007A3AC1 = {
			isa = PBXGroup;
			children = (
				0B2343BA1EC01CA1007A3AC1 /* MyHomeCloud */,
				0B2343D71EC01CA2007A3AC1 /* MyHomeCloudTests */,
				0B2343B91EC01CA1007A3AC1 /* Products */,
				5F0155942F2DC918E5FBA1EF /* Pods */,
				7C85C11C537F6C90A6EF472C /* Frameworks */,
			);
			sourceTree = "<group>";
		};
		0B2343B91EC01CA1007A3AC1 /* Products */ = {
			isa = PBXGroup;
			children = (
				0B2343B81EC01CA1007A3AC1 /* MyHomeCloud.app */,
				0B2343D41EC01CA2007A3AC1 /* MyHomeCloudTests.xctest */,
			);
			name = Products;
			sourceTree = "<group>";
		};
		0B2343BA1EC01CA1007A3AC1 /* MyHomeCloud */ = {
			isa = PBXGroup;
			children = (
				0B1904CF1EE668EC004C46EE /* CommonTableView */,
				0BB3AC2B1ECE9FE6008FB5E6 /* MyHomeCloud.entitlements */,
				0B57F5881EC1989400B89CE2 /* UI */,
				0B2343E31EC03095007A3AC1 /* BusinessSystem */,
				0B2343BE1EC01CA1007A3AC1 /* AppDelegate.h */,
				0B2343BF1EC01CA1007A3AC1 /* AppDelegate.m */,
				0B2343C71EC01CA1007A3AC1 /* Main.storyboard */,
				0B2343CA1EC01CA1007A3AC1 /* Assets.xcassets */,
				0B2343CC1EC01CA1007A3AC1 /* LaunchScreen.storyboard */,
				0B2343CF1EC01CA1007A3AC1 /* Info.plist */,
				0B2343BB1EC01CA1007A3AC1 /* Supporting Files */,
			);
			path = MyHomeCloud;
			sourceTree = "<group>";
		};
		0B2343BB1EC01CA1007A3AC1 /* Supporting Files */ = {
			isa = PBXGroup;
			children = (
				0B2343BC1EC01CA1007A3AC1 /* main.m */,
				0B2344841EC04296007A3AC1 /* MyHomeCloud.pch */,
			);
			name = "Supporting Files";
			sourceTree = "<group>";
		};
		0B2343D71EC01CA2007A3AC1 /* MyHomeCloudTests */ = {
			isa = PBXGroup;
			children = (
				0B2343D81EC01CA2007A3AC1 /* MyHomeCloudTests.m */,
				0B2343DA1EC01CA2007A3AC1 /* Info.plist */,
			);
			path = MyHomeCloudTests;
			sourceTree = "<group>";
		};
		0B2343E31EC03095007A3AC1 /* BusinessSystem */ = {
			isa = PBXGroup;
			children = (
				0B2343E41EC03095007A3AC1 /* Category */,
				0B2343FB1EC03095007A3AC1 /* Colours */,
				0B2344081EC03095007A3AC1 /* Download */,
				0B23440D1EC03095007A3AC1 /* InternetStatus */,
				0B2344101EC03095007A3AC1 /* Library */,
				0B2344171EC03095007A3AC1 /* LocalData */,
				0B2344401EC03095007A3AC1 /* Subclass */,
			);
			path = BusinessSystem;
			sourceTree = "<group>";
		};
		0B2343E41EC03095007A3AC1 /* Category */ = {
			isa = PBXGroup;
			children = (
				0B2343E71EC03095007A3AC1 /* NSMutableArray+CTExtension.h */,
				0B2343E81EC03095007A3AC1 /* NSMutableArray+CTExtension.m */,
				0B2343E91EC03095007A3AC1 /* NSMutableDictionary+IHateNil.h */,
				0B2343EA1EC03095007A3AC1 /* NSMutableDictionary+IHateNil.m */,
				0B2343EB1EC03095007A3AC1 /* NSString+Extension.h */,
				0B2343EC1EC03095007A3AC1 /* NSString+Extension.m */,
				0B2343ED1EC03095007A3AC1 /* UIAlertController+TYKYAlertBlock.h */,
				0B2343EE1EC03095007A3AC1 /* UIAlertController+TYKYAlertBlock.m */,
				0B2343EF1EC03095007A3AC1 /* UIImage+Scale.h */,
				0B2343F01EC03095007A3AC1 /* UIImage+Scale.m */,
				0B2343F11EC03095007A3AC1 /* UIScrollView+UITouchEvent.h */,
				0B2343F21EC03095007A3AC1 /* UIScrollView+UITouchEvent.m */,
				0B2343F31EC03095007A3AC1 /* UITableView+NoMoreDataInFooter.h */,
				0B2343F41EC03095007A3AC1 /* UITableView+NoMoreDataInFooter.m */,
				0B2343F51EC03095007A3AC1 /* UIView+SDXIBExtension.h */,
				0B2343F61EC03095007A3AC1 /* UIView+SDXIBExtension.m */,
				0B2343F71EC03095007A3AC1 /* UIView+TYKYPrompt.h */,
				0B2343F81EC03095007A3AC1 /* UIView+TYKYPrompt.m */,
			);
			path = Category;
			sourceTree = "<group>";
		};
		0B2343FB1EC03095007A3AC1 /* Colours */ = {
			isa = PBXGroup;
			children = (
				0B2343FC1EC03095007A3AC1 /* Colours.h */,
				0B2343FD1EC03095007A3AC1 /* Colours.m */,
			);
			path = Colours;
			sourceTree = "<group>";
		};
		0B2344081EC03095007A3AC1 /* Download */ = {
			isa = PBXGroup;
			children = (
				0B2344091EC03095007A3AC1 /* TJDownloadTool.h */,
				0B23440A1EC03095007A3AC1 /* TJDownloadTool.m */,
			);
			path = Download;
			sourceTree = "<group>";
		};
		0B23440D1EC03095007A3AC1 /* InternetStatus */ = {
			isa = PBXGroup;
			children = (
				0B15DE7C1ED2C8BE003A54E3 /* AFNetworkReachabilityManager.h */,
				0B15DE7D1ED2C8BE003A54E3 /* AFNetworkReachabilityManager.m */,
			);
			path = InternetStatus;
			sourceTree = "<group>";
		};
		0B2344101EC03095007A3AC1 /* Library */ = {
			isa = PBXGroup;
			children = (
				0B2344131EC03095007A3AC1 /* CTTool.h */,
				0B2344141EC03095007A3AC1 /* CTTool.m */,
			);
			path = Library;
			sourceTree = "<group>";
		};
		0B2344171EC03095007A3AC1 /* LocalData */ = {
			isa = PBXGroup;
			children = (
				0B2344181EC03095007A3AC1 /* AJLocalDataCenter.h */,
				0B2344191EC03095007A3AC1 /* AJLocalDataCenter.m */,
			);
			path = LocalData;
			sourceTree = "<group>";
		};
		0B2344401EC03095007A3AC1 /* Subclass */ = {
			isa = PBXGroup;
			children = (
				0B2344411EC03095007A3AC1 /* AdjustScrollView.h */,
				0B2344421EC03095007A3AC1 /* AdjustScrollView.m */,
				0B2344431EC03095007A3AC1 /* AutoRunLabel.h */,
				0B2344441EC03095007A3AC1 /* AutoRunLabel.m */,
				0B59A52A1ED17D8600E8E787 /* AJPickViewTextField.h */,
				0B59A52B1ED17D8600E8E787 /* AJPickViewTextField.m */,
			);
			path = Subclass;
			sourceTree = "<group>";
		};
		0B57F5881EC1989400B89CE2 /* UI */ = {
			isa = PBXGroup;
			children = (
				0B19049A1EE6542B004C46EE /* HouseInfo */,
				0B6E12B71EC421A700103571 /* LoginAndRegister */,
				0B57F59B1EC198F100B89CE2 /* SuperVC */,
				0B57F5891EC1989400B89CE2 /* Home */,
				0B57F58A1EC1989400B89CE2 /* Me */,
				0B57F58B1EC1989400B89CE2 /* News */,
			);
			path = UI;
			sourceTree = "<group>";
		};
		0B57F5891EC1989400B89CE2 /* Home */ = {
			isa = PBXGroup;
			children = (
				0BE4D9EC1ECC6B8200E4ADCD /* AJHomeViewController.h */,
				0BE4D9ED1ECC6B8200E4ADCD /* AJHomeViewController.m */,
				0BE4D9EE1ECC6B8200E4ADCD /* AJHomeViewController.xib */,
				A40B20B21EC733090027399E /* HouseDetails */,
				A4E6A4901EC61236006B882A /* Search */,
			);
			path = Home;
			sourceTree = "<group>";
		};
		0B57F58A1EC1989400B89CE2 /* Me */ = {
			isa = PBXGroup;
			children = (
				A411B3BC1EC4B0A900244B6E /* Setting */,
				0BE2A35A1EC2D2CD00519840 /* AJMeCenterData.h */,
				0BE2A35B1EC2D2CD00519840 /* AJMeCenterData.m */,
				0BE2A35D1EC2DE1700519840 /* AJMeModel.h */,
				0BE2A35E1EC2DE1700519840 /* AJMeModel.m */,
				0B57F5911EC198D000B89CE2 /* AJUserCenterViewController.h */,
				0B57F5921EC198D000B89CE2 /* AJUserCenterViewController.m */,
				0B57F5931EC198D000B89CE2 /* AJUserCenterViewController.xib */,
				0B302F6B1ED04F47006896CA /* AJUserHeadViewController.h */,
				0B302F6C1ED04F47006896CA /* AJUserHeadViewController.m */,
				0B302F6D1ED04F47006896CA /* AJUserHeadViewController.xib */,
			);
			path = Me;
			sourceTree = "<group>";
		};
		0B57F58B1EC1989400B89CE2 /* News */ = {
			isa = PBXGroup;
			children = (
				0B57F5961EC198DA00B89CE2 /* AJNewsViewController.h */,
				0B57F5971EC198DA00B89CE2 /* AJNewsViewController.m */,
				0B57F5981EC198DA00B89CE2 /* AJNewsViewController.xib */,
			);
			path = News;
			sourceTree = "<group>";
		};
		0B57F59B1EC198F100B89CE2 /* SuperVC */ = {
			isa = PBXGroup;
			children = (
				0B57F59F1EC1991800B89CE2 /* AjMainTabBarViewController.h */,
				0B57F5A01EC1991800B89CE2 /* AjMainTabBarViewController.m */,
				0B57F59C1EC198F100B89CE2 /* CTBaseViewController.h */,
				0B57F59D1EC198F100B89CE2 /* CTBaseViewController.m */,
				0BE4D99F1ECBEA9700E4ADCD /* CTHomeBaseViewController.h */,
				0BE4D9A01ECBEA9700E4ADCD /* CTHomeBaseViewController.m */,
			);
			path = SuperVC;
			sourceTree = "<group>";
		};
		0B6E12B71EC421A700103571 /* LoginAndRegister */ = {
			isa = PBXGroup;
			children = (
				0B6E12C21EC4235300103571 /* AJLoginViewController.h */,
				0B6E12C31EC4235300103571 /* AJLoginViewController.m */,
				0B6E12C41EC4235300103571 /* AJLoginViewController.xib */,
			);
			path = LoginAndRegister;
			sourceTree = "<group>";
		};
		5F0155942F2DC918E5FBA1EF /* Pods */ = {
			isa = PBXGroup;
			children = (
				2BD76340FB7FEF978B1E1792 /* Pods-MyHomeCloud.debug.xcconfig */,
				B6A1BBA8A047697D99556676 /* Pods-MyHomeCloud.release.xcconfig */,
				94235DC15FEE09B15B76D4E5 /* Pods-MyHomeCloudTests.debug.xcconfig */,
				1AAB7260269F8CCA93F199B4 /* Pods-MyHomeCloudTests.release.xcconfig */,
			);
			name = Pods;
			sourceTree = "<group>";
		};
		7C85C11C537F6C90A6EF472C /* Frameworks */ = {
			isa = PBXGroup;
			children = (
				28918ABEED7A893430DD718E /* libPods-MyHomeCloud.a */,
				8195A483A5A5B25BE92F9997 /* libPods-MyHomeCloudTests.a */,
			);
			name = Frameworks;
			sourceTree = "<group>";
		};
		A40B20B21EC733090027399E /* HouseDetails */ = {
			isa = PBXGroup;
			children = (
				A40B20B31EC733280027399E /* AJHouseDetailsViewController.h */,
				A40B20B41EC733280027399E /* AJHouseDetailsViewController.m */,
				A40B20B51EC733280027399E /* AJHouseDetailsViewController.xib */,
			);
			path = HouseDetails;
			sourceTree = "<group>";
		};
		A411B3BC1EC4B0A900244B6E /* Setting */ = {
			isa = PBXGroup;
			children = (
				A411B3BD1EC4B0BD00244B6E /* AJSettingViewController.h */,
				A411B3BE1EC4B0BD00244B6E /* AJSettingViewController.m */,
				A411B3BF1EC4B0BD00244B6E /* AJSettingViewController.xib */,
				0B302F5B1ED01835006896CA /* AJOtherViewController.h */,
				0B302F5C1ED01835006896CA /* AJOtherViewController.m */,
				0B302F5D1ED01835006896CA /* AJOtherViewController.xib */,
			);
			path = Setting;
			sourceTree = "<group>";
		};
		A4E6A4901EC61236006B882A /* Search */ = {
			isa = PBXGroup;
			children = (
				A4E6A4911EC61243006B882A /* AJSearchViewController.h */,
				A4E6A4921EC61243006B882A /* AJSearchViewController.m */,
				A4E6A4931EC61243006B882A /* AJSearchViewController.xib */,
			);
			path = Search;
			sourceTree = "<group>";
		};
/* End PBXGroup section */

/* Begin PBXNativeTarget section */
		0B2343B71EC01CA1007A3AC1 /* MyHomeCloud */ = {
			isa = PBXNativeTarget;
			buildConfigurationList = 0B2343DD1EC01CA2007A3AC1 /* Build configuration list for PBXNativeTarget "MyHomeCloud" */;
			buildPhases = (
				62D396216015D9344D190BBB /* [CP] Check Pods Manifest.lock */,
				0B2343B41EC01CA1007A3AC1 /* Sources */,
				0B2343B51EC01CA1007A3AC1 /* Frameworks */,
				0B2343B61EC01CA1007A3AC1 /* Resources */,
				BA0E84D335A0E5296CF9A670 /* [CP] Embed Pods Frameworks */,
				03AA7CBA46E7FA1D544172C9 /* [CP] Copy Pods Resources */,
			);
			buildRules = (
			);
			dependencies = (
			);
			name = MyHomeCloud;
			productName = MyHomeCloud;
			productReference = 0B2343B81EC01CA1007A3AC1 /* MyHomeCloud.app */;
			productType = "com.apple.product-type.application";
		};
		0B2343D31EC01CA1007A3AC1 /* MyHomeCloudTests */ = {
			isa = PBXNativeTarget;
			buildConfigurationList = 0B2343E01EC01CA2007A3AC1 /* Build configuration list for PBXNativeTarget "MyHomeCloudTests" */;
			buildPhases = (
				2DDB01162E43443D22F7E56A /* [CP] Check Pods Manifest.lock */,
				0B2343D01EC01CA1007A3AC1 /* Sources */,
				0B2343D11EC01CA1007A3AC1 /* Frameworks */,
				0B2343D21EC01CA1007A3AC1 /* Resources */,
				28AD257B2B7BE486CAB6ED54 /* [CP] Embed Pods Frameworks */,
				3511563689E1E94F76B46548 /* [CP] Copy Pods Resources */,
			);
			buildRules = (
			);
			dependencies = (
				0B2343D61EC01CA2007A3AC1 /* PBXTargetDependency */,
			);
			name = MyHomeCloudTests;
			productName = MyHomeCloudTests;
			productReference = 0B2343D41EC01CA2007A3AC1 /* MyHomeCloudTests.xctest */;
			productType = "com.apple.product-type.bundle.unit-test";
		};
/* End PBXNativeTarget section */

/* Begin PBXProject section */
		0B2343B01EC01CA1007A3AC1 /* Project object */ = {
			isa = PBXProject;
			attributes = {
				CLASSPREFIX = AJ;
				LastUpgradeCheck = 0830;
				ORGANIZATIONNAME = TENG;
				TargetAttributes = {
					0B2343B71EC01CA1007A3AC1 = {
						CreatedOnToolsVersion = 8.3.2;
						DevelopmentTeam = 4F5G8L9327;
						ProvisioningStyle = Automatic;
						SystemCapabilities = {
							com.apple.Push = {
								enabled = 0;
							};
						};
					};
					0B2343D31EC01CA1007A3AC1 = {
						CreatedOnToolsVersion = 8.3.2;
						ProvisioningStyle = Automatic;
						TestTargetID = 0B2343B71EC01CA1007A3AC1;
					};
				};
			};
			buildConfigurationList = 0B2343B31EC01CA1007A3AC1 /* Build configuration list for PBXProject "MyHomeCloud" */;
			compatibilityVersion = "Xcode 3.2";
			developmentRegion = English;
			hasScannedForEncodings = 0;
			knownRegions = (
				en,
				Base,
			);
			mainGroup = 0B2343AF1EC01CA1007A3AC1;
			productRefGroup = 0B2343B91EC01CA1007A3AC1 /* Products */;
			projectDirPath = "";
			projectRoot = "";
			targets = (
				0B2343B71EC01CA1007A3AC1 /* MyHomeCloud */,
				0B2343D31EC01CA1007A3AC1 /* MyHomeCloudTests */,
			);
		};
/* End PBXProject section */

/* Begin PBXResourcesBuildPhase section */
		0B2343B61EC01CA1007A3AC1 /* Resources */ = {
			isa = PBXResourcesBuildPhase;
			buildActionMask = 2147483647;
			files = (
				0B2343CE1EC01CA1007A3AC1 /* LaunchScreen.storyboard in Resources */,
				0B2343CB1EC01CA1007A3AC1 /* Assets.xcassets in Resources */,
				0B1904C81EE66192004C46EE /* AJNewHouseTableViewCell.xib in Resources */,
				A4E6A4951EC61243006B882A /* AJSearchViewController.xib in Resources */,
				0B57F59A1EC198DB00B89CE2 /* AJNewsViewController.xib in Resources */,
				0B2343C91EC01CA1007A3AC1 /* Main.storyboard in Resources */,
				0B302F6F1ED04F47006896CA /* AJUserHeadViewController.xib in Resources */,
				0B1904A21EE6546E004C46EE /* AJSecondHouseViewController.xib in Resources */,
				0B1904C31EE66192004C46EE /* AJAddSecondHouserViewController.xib in Resources */,
				0B1904C51EE66192004C46EE /* AJAllHouseListViewController.xib in Resources */,
				A411B3C11EC4B0BD00244B6E /* AJSettingViewController.xib in Resources */,
				0B1904CD1EE66192004C46EE /* PreviewUpLoadCollectionViewCell.xib in Resources */,
				A40B20B71EC733280027399E /* AJHouseDetailsViewController.xib in Resources */,
				0B1904AA1EE65EC1004C46EE /* AJSecondHouseTableViewCell.xib in Resources */,
				0B1904CA1EE66192004C46EE /* AJHouseDesViewController.xib in Resources */,
				0BE4D9F01ECC6B8200E4ADCD /* AJHomeViewController.xib in Resources */,
				0B6E12C61EC4235300103571 /* AJLoginViewController.xib in Resources */,
				0B57F5951EC198D000B89CE2 /* AJUserCenterViewController.xib in Resources */,
				0B302F5F1ED01835006896CA /* AJOtherViewController.xib in Resources */,
			);
			runOnlyForDeploymentPostprocessing = 0;
		};
		0B2343D21EC01CA1007A3AC1 /* Resources */ = {
			isa = PBXResourcesBuildPhase;
			buildActionMask = 2147483647;
			files = (
			);
			runOnlyForDeploymentPostprocessing = 0;
		};
/* End PBXResourcesBuildPhase section */

/* Begin PBXShellScriptBuildPhase section */
		03AA7CBA46E7FA1D544172C9 /* [CP] Copy Pods Resources */ = {
			isa = PBXShellScriptBuildPhase;
			buildActionMask = 2147483647;
			files = (
			);
			inputPaths = (
			);
			name = "[CP] Copy Pods Resources";
			outputPaths = (
			);
			runOnlyForDeploymentPostprocessing = 0;
			shellPath = /bin/sh;
			shellScript = "\"${SRCROOT}/Pods/Target Support Files/Pods-MyHomeCloud/Pods-MyHomeCloud-resources.sh\"\n";
			showEnvVarsInLog = 0;
		};
		28AD257B2B7BE486CAB6ED54 /* [CP] Embed Pods Frameworks */ = {
			isa = PBXShellScriptBuildPhase;
			buildActionMask = 2147483647;
			files = (
			);
			inputPaths = (
			);
			name = "[CP] Embed Pods Frameworks";
			outputPaths = (
			);
			runOnlyForDeploymentPostprocessing = 0;
			shellPath = /bin/sh;
			shellScript = "\"${SRCROOT}/Pods/Target Support Files/Pods-MyHomeCloudTests/Pods-MyHomeCloudTests-frameworks.sh\"\n";
			showEnvVarsInLog = 0;
		};
		2DDB01162E43443D22F7E56A /* [CP] Check Pods Manifest.lock */ = {
			isa = PBXShellScriptBuildPhase;
			buildActionMask = 2147483647;
			files = (
			);
			inputPaths = (
			);
			name = "[CP] Check Pods Manifest.lock";
			outputPaths = (
			);
			runOnlyForDeploymentPostprocessing = 0;
			shellPath = /bin/sh;
			shellScript = "diff \"${PODS_ROOT}/../Podfile.lock\" \"${PODS_ROOT}/Manifest.lock\" > /dev/null\nif [ $? != 0 ] ; then\n    # print error to STDERR\n    echo \"error: The sandbox is not in sync with the Podfile.lock. Run 'pod install' or update your CocoaPods installation.\" >&2\n    exit 1\nfi\n";
			showEnvVarsInLog = 0;
		};
		3511563689E1E94F76B46548 /* [CP] Copy Pods Resources */ = {
			isa = PBXShellScriptBuildPhase;
			buildActionMask = 2147483647;
			files = (
			);
			inputPaths = (
			);
			name = "[CP] Copy Pods Resources";
			outputPaths = (
			);
			runOnlyForDeploymentPostprocessing = 0;
			shellPath = /bin/sh;
			shellScript = "\"${SRCROOT}/Pods/Target Support Files/Pods-MyHomeCloudTests/Pods-MyHomeCloudTests-resources.sh\"\n";
			showEnvVarsInLog = 0;
		};
		62D396216015D9344D190BBB /* [CP] Check Pods Manifest.lock */ = {
			isa = PBXShellScriptBuildPhase;
			buildActionMask = 2147483647;
			files = (
			);
			inputPaths = (
			);
			name = "[CP] Check Pods Manifest.lock";
			outputPaths = (
			);
			runOnlyForDeploymentPostprocessing = 0;
			shellPath = /bin/sh;
			shellScript = "diff \"${PODS_ROOT}/../Podfile.lock\" \"${PODS_ROOT}/Manifest.lock\" > /dev/null\nif [ $? != 0 ] ; then\n    # print error to STDERR\n    echo \"error: The sandbox is not in sync with the Podfile.lock. Run 'pod install' or update your CocoaPods installation.\" >&2\n    exit 1\nfi\n";
			showEnvVarsInLog = 0;
		};
		BA0E84D335A0E5296CF9A670 /* [CP] Embed Pods Frameworks */ = {
			isa = PBXShellScriptBuildPhase;
			buildActionMask = 2147483647;
			files = (
			);
			inputPaths = (
			);
			name = "[CP] Embed Pods Frameworks";
			outputPaths = (
			);
			runOnlyForDeploymentPostprocessing = 0;
			shellPath = /bin/sh;
			shellScript = "\"${SRCROOT}/Pods/Target Support Files/Pods-MyHomeCloud/Pods-MyHomeCloud-frameworks.sh\"\n";
			showEnvVarsInLog = 0;
		};
/* End PBXShellScriptBuildPhase section */

/* Begin PBXSourcesBuildPhase section */
		0B2343B41EC01CA1007A3AC1 /* Sources */ = {
			isa = PBXSourcesBuildPhase;
			buildActionMask = 2147483647;
			files = (
				0B1904E11EE668EC004C46EE /* AJTbViewPresenter.m in Sources */,
				0B1904A91EE65EC1004C46EE /* AJSecondHouseTableViewCell.m in Sources */,
				0B57F59E1EC198F100B89CE2 /* CTBaseViewController.m in Sources */,
				0B23445C1EC03095007A3AC1 /* UIAlertController+TYKYAlertBlock.m in Sources */,
				0B1904CE1EE66192004C46EE /* TJCircleView.m in Sources */,
				0B2343C01EC01CA1007A3AC1 /* AppDelegate.m in Sources */,
				0B2344601EC03095007A3AC1 /* UIView+SDXIBExtension.m in Sources */,
				0B1904C91EE66192004C46EE /* AJHouseDesViewController.m in Sources */,
				0B6E12C51EC4235300103571 /* AJLoginViewController.m in Sources */,
				0B23446E1EC03095007A3AC1 /* AJLocalDataCenter.m in Sources */,
				0B2344591EC03095007A3AC1 /* NSMutableArray+CTExtension.m in Sources */,
				0BE4D9EF1ECC6B8200E4ADCD /* AJHomeViewController.m in Sources */,
				0B15DE7E1ED2C8BE003A54E3 /* AFNetworkReachabilityManager.m in Sources */,
				0B57F5A11EC1991800B89CE2 /* AjMainTabBarViewController.m in Sources */,
				0B1904C61EE66192004C46EE /* AJNewHouseModel.m in Sources */,
				0B1904E01EE668EC004C46EE /* AJTbViewCellModel.m in Sources */,
				0B2344611EC03095007A3AC1 /* UIView+TYKYPrompt.m in Sources */,
				0B1904C21EE66192004C46EE /* AJAddSecondHouserViewController.m in Sources */,
				0B59A52C1ED17D8600E8E787 /* AJPickViewTextField.m in Sources */,
				0B23447C1EC03095007A3AC1 /* AutoRunLabel.m in Sources */,
				0B23445D1EC03095007A3AC1 /* UIImage+Scale.m in Sources */,
				0B302F5E1ED01835006896CA /* AJOtherViewController.m in Sources */,
				0B23445A1EC03095007A3AC1 /* NSMutableDictionary+IHateNil.m in Sources */,
				0BE2A35F1EC2DE1700519840 /* AJMeModel.m in Sources */,
				0B2344631EC03095007A3AC1 /* Colours.m in Sources */,
				0B1904CC1EE66192004C46EE /* PreviewUpLoadCollectionViewCell.m in Sources */,
				0B1904E31EE668EC004C46EE /* AJTableViewCell.m in Sources */,
				0B2344681EC03095007A3AC1 /* TJDownloadTool.m in Sources */,
				A411B3C01EC4B0BD00244B6E /* AJSettingViewController.m in Sources */,
				A40B20B61EC733280027399E /* AJHouseDetailsViewController.m in Sources */,
				0B1904C41EE66192004C46EE /* AJAllHouseListViewController.m in Sources */,
				0B1904A11EE6546E004C46EE /* AJSecondHouseViewController.m in Sources */,
				0B2343BD1EC01CA1007A3AC1 /* main.m in Sources */,
				0B1904E21EE668EC004C46EE /* AJBaseTbViewController.m in Sources */,
				0B1904C71EE66192004C46EE /* AJNewHouseTableViewCell.m in Sources */,
				0B302F6E1ED04F47006896CA /* AJUserHeadViewController.m in Sources */,
				0B23446C1EC03095007A3AC1 /* CTTool.m in Sources */,
				0BE2A35C1EC2D2CD00519840 /* AJMeCenterData.m in Sources */,
				0B23447B1EC03095007A3AC1 /* AdjustScrollView.m in Sources */,
				0B1904CB1EE66192004C46EE /* AJUploadPicModel.m in Sources */,
				0B57F5991EC198DB00B89CE2 /* AJNewsViewController.m in Sources */,
				0B23445B1EC03095007A3AC1 /* NSString+Extension.m in Sources */,
				0B57F5941EC198D000B89CE2 /* AJUserCenterViewController.m in Sources */,
				A4E6A4941EC61243006B882A /* AJSearchViewController.m in Sources */,
				0B23445F1EC03095007A3AC1 /* UITableView+NoMoreDataInFooter.m in Sources */,
				0B23445E1EC03095007A3AC1 /* UIScrollView+UITouchEvent.m in Sources */,
				0B1904A81EE65EC1004C46EE /* AJSecondHouseCellModel.m in Sources */,
				0BE4D9A11ECBEA9700E4ADCD /* CTHomeBaseViewController.m in Sources */,
			);
			runOnlyForDeploymentPostprocessing = 0;
		};
		0B2343D01EC01CA1007A3AC1 /* Sources */ = {
			isa = PBXSourcesBuildPhase;
			buildActionMask = 2147483647;
			files = (
				0B2343D91EC01CA2007A3AC1 /* MyHomeCloudTests.m in Sources */,
			);
			runOnlyForDeploymentPostprocessing = 0;
		};
/* End PBXSourcesBuildPhase section */

/* Begin PBXTargetDependency section */
		0B2343D61EC01CA2007A3AC1 /* PBXTargetDependency */ = {
			isa = PBXTargetDependency;
			target = 0B2343B71EC01CA1007A3AC1 /* MyHomeCloud */;
			targetProxy = 0B2343D51EC01CA2007A3AC1 /* PBXContainerItemProxy */;
		};
/* End PBXTargetDependency section */

/* Begin PBXVariantGroup section */
		0B2343C71EC01CA1007A3AC1 /* Main.storyboard */ = {
			isa = PBXVariantGroup;
			children = (
				0B2343C81EC01CA1007A3AC1 /* Base */,
			);
			name = Main.storyboard;
			sourceTree = "<group>";
		};
		0B2343CC1EC01CA1007A3AC1 /* LaunchScreen.storyboard */ = {
			isa = PBXVariantGroup;
			children = (
				0B2343CD1EC01CA1007A3AC1 /* Base */,
			);
			name = LaunchScreen.storyboard;
			sourceTree = "<group>";
		};
/* End PBXVariantGroup section */

/* Begin XCBuildConfiguration section */
		0B2343DB1EC01CA2007A3AC1 /* Debug */ = {
			isa = XCBuildConfiguration;
			buildSettings = {
				ALWAYS_SEARCH_USER_PATHS = NO;
				CLANG_ANALYZER_NONNULL = YES;
				CLANG_ANALYZER_NUMBER_OBJECT_CONVERSION = YES_AGGRESSIVE;
				CLANG_CXX_LANGUAGE_STANDARD = "gnu++0x";
				CLANG_CXX_LIBRARY = "libc++";
				CLANG_ENABLE_MODULES = YES;
				CLANG_ENABLE_OBJC_ARC = YES;
				CLANG_WARN_BOOL_CONVERSION = YES;
				CLANG_WARN_CONSTANT_CONVERSION = YES;
				CLANG_WARN_DIRECT_OBJC_ISA_USAGE = YES_ERROR;
				CLANG_WARN_DOCUMENTATION_COMMENTS = YES;
				CLANG_WARN_EMPTY_BODY = YES;
				CLANG_WARN_ENUM_CONVERSION = YES;
				CLANG_WARN_INFINITE_RECURSION = YES;
				CLANG_WARN_INT_CONVERSION = YES;
				CLANG_WARN_OBJC_ROOT_CLASS = YES_ERROR;
				CLANG_WARN_SUSPICIOUS_MOVE = YES;
				CLANG_WARN_UNREACHABLE_CODE = YES;
				CLANG_WARN__DUPLICATE_METHOD_MATCH = YES;
				"CODE_SIGN_IDENTITY[sdk=iphoneos*]" = "iPhone Developer";
				COPY_PHASE_STRIP = NO;
				DEBUG_INFORMATION_FORMAT = dwarf;
				ENABLE_STRICT_OBJC_MSGSEND = YES;
				ENABLE_TESTABILITY = YES;
				GCC_C_LANGUAGE_STANDARD = gnu99;
				GCC_DYNAMIC_NO_PIC = NO;
				GCC_NO_COMMON_BLOCKS = YES;
				GCC_OPTIMIZATION_LEVEL = 0;
				GCC_PREPROCESSOR_DEFINITIONS = (
					"DEBUG=1",
					"$(inherited)",
				);
				GCC_WARN_64_TO_32_BIT_CONVERSION = YES;
				GCC_WARN_ABOUT_RETURN_TYPE = YES_ERROR;
				GCC_WARN_UNDECLARED_SELECTOR = YES;
				GCC_WARN_UNINITIALIZED_AUTOS = YES_AGGRESSIVE;
				GCC_WARN_UNUSED_FUNCTION = YES;
				GCC_WARN_UNUSED_VARIABLE = YES;
				IPHONEOS_DEPLOYMENT_TARGET = 8.0;
				MTL_ENABLE_DEBUG_INFO = YES;
				ONLY_ACTIVE_ARCH = YES;
				SDKROOT = iphoneos;
			};
			name = Debug;
		};
		0B2343DC1EC01CA2007A3AC1 /* Release */ = {
			isa = XCBuildConfiguration;
			buildSettings = {
				ALWAYS_SEARCH_USER_PATHS = NO;
				CLANG_ANALYZER_NONNULL = YES;
				CLANG_ANALYZER_NUMBER_OBJECT_CONVERSION = YES_AGGRESSIVE;
				CLANG_CXX_LANGUAGE_STANDARD = "gnu++0x";
				CLANG_CXX_LIBRARY = "libc++";
				CLANG_ENABLE_MODULES = YES;
				CLANG_ENABLE_OBJC_ARC = YES;
				CLANG_WARN_BOOL_CONVERSION = YES;
				CLANG_WARN_CONSTANT_CONVERSION = YES;
				CLANG_WARN_DIRECT_OBJC_ISA_USAGE = YES_ERROR;
				CLANG_WARN_DOCUMENTATION_COMMENTS = YES;
				CLANG_WARN_EMPTY_BODY = YES;
				CLANG_WARN_ENUM_CONVERSION = YES;
				CLANG_WARN_INFINITE_RECURSION = YES;
				CLANG_WARN_INT_CONVERSION = YES;
				CLANG_WARN_OBJC_ROOT_CLASS = YES_ERROR;
				CLANG_WARN_SUSPICIOUS_MOVE = YES;
				CLANG_WARN_UNREACHABLE_CODE = YES;
				CLANG_WARN__DUPLICATE_METHOD_MATCH = YES;
				"CODE_SIGN_IDENTITY[sdk=iphoneos*]" = "iPhone Developer";
				COPY_PHASE_STRIP = NO;
				DEBUG_INFORMATION_FORMAT = "dwarf-with-dsym";
				ENABLE_NS_ASSERTIONS = NO;
				ENABLE_STRICT_OBJC_MSGSEND = YES;
				GCC_C_LANGUAGE_STANDARD = gnu99;
				GCC_NO_COMMON_BLOCKS = YES;
				GCC_WARN_64_TO_32_BIT_CONVERSION = YES;
				GCC_WARN_ABOUT_RETURN_TYPE = YES_ERROR;
				GCC_WARN_UNDECLARED_SELECTOR = YES;
				GCC_WARN_UNINITIALIZED_AUTOS = YES_AGGRESSIVE;
				GCC_WARN_UNUSED_FUNCTION = YES;
				GCC_WARN_UNUSED_VARIABLE = YES;
				IPHONEOS_DEPLOYMENT_TARGET = 8.0;
				MTL_ENABLE_DEBUG_INFO = NO;
				SDKROOT = iphoneos;
				VALIDATE_PRODUCT = YES;
			};
			name = Release;
		};
		0B2343DE1EC01CA2007A3AC1 /* Debug */ = {
			isa = XCBuildConfiguration;
			baseConfigurationReference = 2BD76340FB7FEF978B1E1792 /* Pods-MyHomeCloud.debug.xcconfig */;
			buildSettings = {
				ASSETCATALOG_COMPILER_APPICON_NAME = AppIcon;
				"CODE_SIGN_IDENTITY[sdk=iphoneos*]" = "iPhone Developer";
				DEVELOPMENT_TEAM = 4F5G8L9327;
				GCC_PREFIX_HEADER = MyHomeCloud/MyHomeCloud.pch;
				INFOPLIST_FILE = MyHomeCloud/Info.plist;
				IPHONEOS_DEPLOYMENT_TARGET = 8.0;
				LD_RUNPATH_SEARCH_PATHS = "$(inherited) @executable_path/Frameworks";
				LIBRARY_SEARCH_PATHS = "$(inherited)";
				PRODUCT_BUNDLE_IDENTIFIER = com.chenteng.AJCloud;
				PRODUCT_NAME = "$(TARGET_NAME)";
				PROVISIONING_PROFILE_SPECIFIER = "";
			};
			name = Debug;
		};
		0B2343DF1EC01CA2007A3AC1 /* Release */ = {
			isa = XCBuildConfiguration;
			baseConfigurationReference = B6A1BBA8A047697D99556676 /* Pods-MyHomeCloud.release.xcconfig */;
			buildSettings = {
				ASSETCATALOG_COMPILER_APPICON_NAME = AppIcon;
				"CODE_SIGN_IDENTITY[sdk=iphoneos*]" = "iPhone Developer";
				DEVELOPMENT_TEAM = 4F5G8L9327;
				GCC_PREFIX_HEADER = MyHomeCloud/MyHomeCloud.pch;
				INFOPLIST_FILE = MyHomeCloud/Info.plist;
				IPHONEOS_DEPLOYMENT_TARGET = 8.0;
				LD_RUNPATH_SEARCH_PATHS = "$(inherited) @executable_path/Frameworks";
				LIBRARY_SEARCH_PATHS = "$(inherited)";
				PRODUCT_BUNDLE_IDENTIFIER = com.chenteng.AJCloud;
				PRODUCT_NAME = "$(TARGET_NAME)";
				PROVISIONING_PROFILE_SPECIFIER = "";
			};
			name = Release;
		};
		0B2343E11EC01CA2007A3AC1 /* Debug */ = {
			isa = XCBuildConfiguration;
			baseConfigurationReference = 94235DC15FEE09B15B76D4E5 /* Pods-MyHomeCloudTests.debug.xcconfig */;
			buildSettings = {
				BUNDLE_LOADER = "$(TEST_HOST)";
				INFOPLIST_FILE = MyHomeCloudTests/Info.plist;
				LD_RUNPATH_SEARCH_PATHS = "$(inherited) @executable_path/Frameworks @loader_path/Frameworks";
				PRODUCT_BUNDLE_IDENTIFIER = com.webhall.MyHomeCloudTests;
				PRODUCT_NAME = "$(TARGET_NAME)";
				TEST_HOST = "$(BUILT_PRODUCTS_DIR)/MyHomeCloud.app/MyHomeCloud";
			};
			name = Debug;
		};
		0B2343E21EC01CA2007A3AC1 /* Release */ = {
			isa = XCBuildConfiguration;
			baseConfigurationReference = 1AAB7260269F8CCA93F199B4 /* Pods-MyHomeCloudTests.release.xcconfig */;
			buildSettings = {
				BUNDLE_LOADER = "$(TEST_HOST)";
				INFOPLIST_FILE = MyHomeCloudTests/Info.plist;
				LD_RUNPATH_SEARCH_PATHS = "$(inherited) @executable_path/Frameworks @loader_path/Frameworks";
				PRODUCT_BUNDLE_IDENTIFIER = com.webhall.MyHomeCloudTests;
				PRODUCT_NAME = "$(TARGET_NAME)";
				TEST_HOST = "$(BUILT_PRODUCTS_DIR)/MyHomeCloud.app/MyHomeCloud";
			};
			name = Release;
		};
/* End XCBuildConfiguration section */

/* Begin XCConfigurationList section */
		0B2343B31EC01CA1007A3AC1 /* Build configuration list for PBXProject "MyHomeCloud" */ = {
			isa = XCConfigurationList;
			buildConfigurations = (
				0B2343DB1EC01CA2007A3AC1 /* Debug */,
				0B2343DC1EC01CA2007A3AC1 /* Release */,
			);
			defaultConfigurationIsVisible = 0;
			defaultConfigurationName = Release;
		};
		0B2343DD1EC01CA2007A3AC1 /* Build configuration list for PBXNativeTarget "MyHomeCloud" */ = {
			isa = XCConfigurationList;
			buildConfigurations = (
				0B2343DE1EC01CA2007A3AC1 /* Debug */,
				0B2343DF1EC01CA2007A3AC1 /* Release */,
			);
			defaultConfigurationIsVisible = 0;
			defaultConfigurationName = Release;
		};
		0B2343E01EC01CA2007A3AC1 /* Build configuration list for PBXNativeTarget "MyHomeCloudTests" */ = {
			isa = XCConfigurationList;
			buildConfigurations = (
				0B2343E11EC01CA2007A3AC1 /* Debug */,
				0B2343E21EC01CA2007A3AC1 /* Release */,
			);
			defaultConfigurationIsVisible = 0;
			defaultConfigurationName = Release;
		};
/* End XCConfigurationList section */
	};
	rootObject = 0B2343B01EC01CA1007A3AC1 /* Project object */;
}
